// !$*UTF8*$!
{
	archiveVersion = 1;
	classes = {
	};
	objectVersion = 46;
	objects = {

/* Begin PBXBuildFile section */
		050207091DED8BFC00AB14FB /* ReporterOption.swift in Sources */ = {isa = PBXBuildFile; fileRef = 050207081DED8BFC00AB14FB /* ReporterOption.swift */; };
		050278241E35BB7F00692D96 /* RunTestsPool.swift in Sources */ = {isa = PBXBuildFile; fileRef = 050278231E35BB7F00692D96 /* RunTestsPool.swift */; };
		050278341E35D21C00692D96 /* ArrayExtensionTests.swift in Sources */ = {isa = PBXBuildFile; fileRef = 050278331E35D21C00692D96 /* ArrayExtensionTests.swift */; };
		050760001E26004E0044D0FF /* Crash_iphonesimulator10.2-x86_64.xctestrun in Resources */ = {isa = PBXBuildFile; fileRef = 05075FFE1E26004E0044D0FF /* Crash_iphonesimulator10.2-x86_64.xctestrun */; };
		050760011E26004E0044D0FF /* Sample_iphonesimulator10.2-x86_64.xctestrun in Resources */ = {isa = PBXBuildFile; fileRef = 05075FFF1E26004E0044D0FF /* Sample_iphonesimulator10.2-x86_64.xctestrun */; };
		0511CB501DF3F550009B8B2F /* FBSimulator+PXCTestKit.swift in Sources */ = {isa = PBXBuildFile; fileRef = 0511CB4F1DF3F550009B8B2F /* FBSimulator+PXCTestKit.swift */; };
		0515A4921DF7C12F00D2F855 /* FBSimulatorControl+PXCTestKit.swift in Sources */ = {isa = PBXBuildFile; fileRef = 0515A4911DF7C12F00D2F855 /* FBSimulatorControl+PXCTestKit.swift */; };
		0527C52C1E27A8B3007AC09C /* TestConsoleOutput.swift in Sources */ = {isa = PBXBuildFile; fileRef = 0527C52B1E27A8B3007AC09C /* TestConsoleOutput.swift */; };
		0527C52E1E27A96E007AC09C /* XCTestCase+PXCTestKit.swift in Sources */ = {isa = PBXBuildFile; fileRef = 0527C52D1E27A96E007AC09C /* XCTestCase+PXCTestKit.swift */; };
		0527C5331E27A9B0007AC09C /* DestinationOptionTests.swift in Sources */ = {isa = PBXBuildFile; fileRef = 0527C5311E27A9B0007AC09C /* DestinationOptionTests.swift */; };
		0527C5341E27A9B0007AC09C /* OnlyOptionTests.swift in Sources */ = {isa = PBXBuildFile; fileRef = 0527C5321E27A9B0007AC09C /* OnlyOptionTests.swift */; };
		0527C5941E27A9FC007AC09C /* Fixtures.swift in Sources */ = {isa = PBXBuildFile; fileRef = 0527C5931E27A9FC007AC09C /* Fixtures.swift */; };
		0527C59B1E27AA0F007AC09C /* ListTestsCommandTests.swift in Sources */ = {isa = PBXBuildFile; fileRef = 0527C5961E27AA0F007AC09C /* ListTestsCommandTests.swift */; };
		0527C59C1E27AA0F007AC09C /* RunTestsCommandTests.swift in Sources */ = {isa = PBXBuildFile; fileRef = 0527C5981E27AA0F007AC09C /* RunTestsCommandTests.swift */; };
		0527C59D1E27AA0F007AC09C /* RunTestsNotificationTests.swift in Sources */ = {isa = PBXBuildFile; fileRef = 0527C5991E27AA0F007AC09C /* RunTestsNotificationTests.swift */; };
		0527C59E1E27AA0F007AC09C /* RunTestsFileManagerTests.swift in Sources */ = {isa = PBXBuildFile; fileRef = 0527C59A1E27AA0F007AC09C /* RunTestsFileManagerTests.swift */; };
		0541E15D1DE5A02C00D65F16 /* RSpecReporter.swift in Sources */ = {isa = PBXBuildFile; fileRef = 0541E15C1DE5A02C00D65F16 /* RSpecReporter.swift */; };
		05564E111DF65BE500DC995C /* FBSimulatorInteraction+PXCTestKit.swift in Sources */ = {isa = PBXBuildFile; fileRef = 05564E101DF65BE500DC995C /* FBSimulatorInteraction+PXCTestKit.swift */; };
		055DCD6E1DF035AE00BB6B82 /* XcodeReporter.swift in Sources */ = {isa = PBXBuildFile; fileRef = 055DCD6D1DF035AE00BB6B82 /* XcodeReporter.swift */; };
		058FD55A1DEAC8490066CE4B /* testSampleAppTestRunOnlyFailingTests.expected_output in Resources */ = {isa = PBXBuildFile; fileRef = 058FD5591DEAC8490066CE4B /* testSampleAppTestRunOnlyFailingTests.expected_output */; };
		058FD55C1DEAD7350066CE4B /* testSampleAppTestRunOnlySuccessfulTests.expected_output in Resources */ = {isa = PBXBuildFile; fileRef = 058FD55B1DEAD7350066CE4B /* testSampleAppTestRunOnlySuccessfulTests.expected_output */; };
		0597DC181E0123F800968469 /* Context.swift in Sources */ = {isa = PBXBuildFile; fileRef = 0597DC171E0123F800968469 /* Context.swift */; };
		059CF22C1E39F7E200FFCE30 /* RunTestsPartition.swift in Sources */ = {isa = PBXBuildFile; fileRef = 059CF22B1E39F7E200FFCE30 /* RunTestsPartition.swift */; };
		059CF2371E3A03CA00FFCE30 /* RunTestsPartitionTests.swift in Sources */ = {isa = PBXBuildFile; fileRef = 059CF2361E3A03CA00FFCE30 /* RunTestsPartitionTests.swift */; };
		059CF2391E3A043600FFCE30 /* runtime.json in Resources */ = {isa = PBXBuildFile; fileRef = 059CF2381E3A043600FFCE30 /* runtime.json */; };
		05B2CA351DEBE94F00795F07 /* Environment.swift in Sources */ = {isa = PBXBuildFile; fileRef = 05B2CA341DEBE94F00795F07 /* Environment.swift */; };
		05B2CA371DEBEA1F00795F07 /* EnvironmentTests.swift in Sources */ = {isa = PBXBuildFile; fileRef = 05B2CA361DEBEA1F00795F07 /* EnvironmentTests.swift */; };
		05B6EC0D1DEEF90B008CBBEE /* testSampleAppTestRunOnlyOneTarget.expected_output in Resources */ = {isa = PBXBuildFile; fileRef = 05B6EC0C1DEEF90B008CBBEE /* testSampleAppTestRunOnlyOneTarget.expected_output */; };
		05B6EC1F1DEEFBD0008CBBEE /* testSampleAppTestRunRunWithAllTargetsAndJSONReporter.expected_output in Resources */ = {isa = PBXBuildFile; fileRef = 05B6EC1E1DEEFBD0008CBBEE /* testSampleAppTestRunRunWithAllTargetsAndJSONReporter.expected_output */; };
		05BABC861DE56DDE0012BC5B /* main.m in Sources */ = {isa = PBXBuildFile; fileRef = 05BABC851DE56DDE0012BC5B /* main.m */; };
		05BABC9B1DE56E390012BC5B /* PXCTestKit.framework in Frameworks */ = {isa = PBXBuildFile; fileRef = 05BABC921DE56E390012BC5B /* PXCTestKit.framework */; };
		05BABCA21DE56E390012BC5B /* PXCTestKit.h in Headers */ = {isa = PBXBuildFile; fileRef = 05BABC941DE56E390012BC5B /* PXCTestKit.h */; settings = {ATTRIBUTES = (Public, ); }; };
		05BABCAC1DE56E9A0012BC5B /* CommandLineInterface.swift in Sources */ = {isa = PBXBuildFile; fileRef = 05BABCAB1DE56E9A0012BC5B /* CommandLineInterface.swift */; };
		05BABCEC1DE582BC0012BC5B /* ExistingFileURLOption.swift in Sources */ = {isa = PBXBuildFile; fileRef = 05BABCEA1DE582BC0012BC5B /* ExistingFileURLOption.swift */; };
		05BABCED1DE582BC0012BC5B /* FileURLOption.swift in Sources */ = {isa = PBXBuildFile; fileRef = 05BABCEB1DE582BC0012BC5B /* FileURLOption.swift */; };
		05BABCF11DE586B10012BC5B /* DestinationOption.swift in Sources */ = {isa = PBXBuildFile; fileRef = 05BABCF01DE586B10012BC5B /* DestinationOption.swift */; };
		05BC2B2C1DEAB9EB00ED3F58 /* build.sh in Resources */ = {isa = PBXBuildFile; fileRef = 05BC2B121DEAB9EB00ED3F58 /* build.sh */; };
		05BC2B4F1DEABC5A00ED3F58 /* Sample.app in Resources */ = {isa = PBXBuildFile; fileRef = 05BC2B4D1DEABC5A00ED3F58 /* Sample.app */; };
		05BC2B501DEABC5A00ED3F58 /* SampleUITests-Runner.app in Resources */ = {isa = PBXBuildFile; fileRef = 05BC2B4E1DEABC5A00ED3F58 /* SampleUITests-Runner.app */; };
		05BE2F911E067EFC0097B23D /* testListSampleAppTests.expected_output in Resources */ = {isa = PBXBuildFile; fileRef = 05BE2F901E067EFC0097B23D /* testListSampleAppTests.expected_output */; };
		05E1B2FB1DE6F62A00C38DB1 /* Locale.swift in Sources */ = {isa = PBXBuildFile; fileRef = 05E1B2FA1DE6F62A00C38DB1 /* Locale.swift */; };
		05E1B2FF1DE6FD8F00C38DB1 /* DefaultsOption.swift in Sources */ = {isa = PBXBuildFile; fileRef = 05E1B2FE1DE6FD8F00C38DB1 /* DefaultsOption.swift */; };
		05E1B3011DE7066E00C38DB1 /* OnlyOption.swift in Sources */ = {isa = PBXBuildFile; fileRef = 05E1B3001DE7066E00C38DB1 /* OnlyOption.swift */; };
		05E1E2E81E3B4199004F67B8 /* TestRuntimeRecord.swift in Sources */ = {isa = PBXBuildFile; fileRef = 05E1E2E71E3B4199004F67B8 /* TestRuntimeRecord.swift */; };
		05E1E2F41E3C5639004F67B8 /* TestReporterTests.swift in Sources */ = {isa = PBXBuildFile; fileRef = 05E1E2F31E3C5639004F67B8 /* TestReporterTests.swift */; };
		05E1E2FA1E3D8D8A004F67B8 /* Array+PXCTestKit.swift in Sources */ = {isa = PBXBuildFile; fileRef = 05E1E2F91E3D8D8A004F67B8 /* Array+PXCTestKit.swift */; };
		05E1E3231E3DA76D004F67B8 /* String+PXCTestKit.swift in Sources */ = {isa = PBXBuildFile; fileRef = 05E1E3221E3DA76D004F67B8 /* String+PXCTestKit.swift */; };
		05E1E33D1E3DAB87004F67B8 /* CommonCrypto.framework in Frameworks */ = {isa = PBXBuildFile; fileRef = 05E1E33C1E3DAB87004F67B8 /* CommonCrypto.framework */; settings = {ATTRIBUTES = (Weak, ); }; };
		05E1E33F1E3DACE3004F67B8 /* StringExtensionTests.swift in Sources */ = {isa = PBXBuildFile; fileRef = 05E1E33E1E3DACE3004F67B8 /* StringExtensionTests.swift */; };
		05E1E3411E3DB140004F67B8 /* TestReporter.swift in Sources */ = {isa = PBXBuildFile; fileRef = 05E1E3401E3DB140004F67B8 /* TestReporter.swift */; };
		05E1E35C1E3DCC34004F67B8 /* TestReporterAdapter.swift in Sources */ = {isa = PBXBuildFile; fileRef = 05E1E35B1E3DCC34004F67B8 /* TestReporterAdapter.swift */; };
		05E1E3671E3DCD52004F67B8 /* TestReporterInterface.swift in Sources */ = {isa = PBXBuildFile; fileRef = 05E1E3661E3DCD52004F67B8 /* TestReporterInterface.swift */; };
		05E3DE6E1DED319D005A1459 /* Command.swift in Sources */ = {isa = PBXBuildFile; fileRef = 05E3DE6D1DED319D005A1459 /* Command.swift */; };
		05E3DE741DED574B005A1459 /* ConsoleReporter.swift in Sources */ = {isa = PBXBuildFile; fileRef = 05E3DE731DED574B005A1459 /* ConsoleReporter.swift */; };
		05E3DE761DED58ED005A1459 /* JSONReporter.swift in Sources */ = {isa = PBXBuildFile; fileRef = 05E3DE751DED58ED005A1459 /* JSONReporter.swift */; };
		05F650C11E2B84B8007330D4 /* ListTestsShim.swift in Sources */ = {isa = PBXBuildFile; fileRef = 05F650C01E2B84B8007330D4 /* ListTestsShim.swift */; };
		3E3512CA1E29F14700EC47FE /* SimulatorLogFile.swift in Sources */ = {isa = PBXBuildFile; fileRef = 3E3512C91E29F14700EC47FE /* SimulatorLogFile.swift */; };
		3E3512D21E2A0DA800EC47FE /* SimulatorLogFileTests.swift in Sources */ = {isa = PBXBuildFile; fileRef = 3E3512D11E2A0DA800EC47FE /* SimulatorLogFileTests.swift */; };
		3E3512D41E2A122500EC47FE /* SimulatorOptions.swift in Sources */ = {isa = PBXBuildFile; fileRef = 3E3512D31E2A122500EC47FE /* SimulatorOptions.swift */; };
		3E4CA6EF1DFBBA22005216A3 /* Int+PXCTestKit.swift in Sources */ = {isa = PBXBuildFile; fileRef = 3E4CA6EE1DFBBA22005216A3 /* Int+PXCTestKit.swift */; };
		3E4CA70B1DFBCA5B005216A3 /* SignalHandler.swift in Sources */ = {isa = PBXBuildFile; fileRef = 3E4CA7091DFBCA5B005216A3 /* SignalHandler.swift */; };
		3E4CA7121DFBCA90005216A3 /* ANSI.swift in Sources */ = {isa = PBXBuildFile; fileRef = 3E4CA70C1DFBCA90005216A3 /* ANSI.swift */; };
		3E4CA7131DFBCA90005216A3 /* ConsoleErrorFormatter.swift in Sources */ = {isa = PBXBuildFile; fileRef = 3E4CA70D1DFBCA90005216A3 /* ConsoleErrorFormatter.swift */; };
		3E4CA7141DFBCA90005216A3 /* ConsoleOutput.swift in Sources */ = {isa = PBXBuildFile; fileRef = 3E4CA70E1DFBCA90005216A3 /* ConsoleOutput.swift */; };
		3E9D461F1DFA507F006DDB10 /* ConsoleOutputTests.swift in Sources */ = {isa = PBXBuildFile; fileRef = 3E9D461E1DFA507F006DDB10 /* ConsoleOutputTests.swift */; };
		3EBFCB0B1E14C739007C22C4 /* BootSimulatorsCommand.swift in Sources */ = {isa = PBXBuildFile; fileRef = 3EBFCB041E14C739007C22C4 /* BootSimulatorsCommand.swift */; };
		3EBFCB0C1E14C739007C22C4 /* ListTestsCommand.swift in Sources */ = {isa = PBXBuildFile; fileRef = 3EBFCB061E14C739007C22C4 /* ListTestsCommand.swift */; };
		3EBFCB0D1E14C739007C22C4 /* RunTestsCommand.swift in Sources */ = {isa = PBXBuildFile; fileRef = 3EBFCB081E14C739007C22C4 /* RunTestsCommand.swift */; };
		3EBFCB0E1E14C739007C22C4 /* RunTestsError.swift in Sources */ = {isa = PBXBuildFile; fileRef = 3EBFCB091E14C739007C22C4 /* RunTestsError.swift */; };
		3EBFCB0F1E14C739007C22C4 /* RunTestsWorker.swift in Sources */ = {isa = PBXBuildFile; fileRef = 3EBFCB0A1E14C739007C22C4 /* RunTestsWorker.swift */; };
		3EBFCB121E14C7D2007C22C4 /* RunTestsFileManager.swift in Sources */ = {isa = PBXBuildFile; fileRef = 3EBFCB101E14C7D2007C22C4 /* RunTestsFileManager.swift */; };
		3EBFCB131E14C7D2007C22C4 /* RunTestsReporters.swift in Sources */ = {isa = PBXBuildFile; fileRef = 3EBFCB111E14C7D2007C22C4 /* RunTestsReporters.swift */; };
		3EBFCB151E14D282007C22C4 /* RunTestsNotification.swift in Sources */ = {isa = PBXBuildFile; fileRef = 3EBFCB141E14D282007C22C4 /* RunTestsNotification.swift */; };
		3EBFCB171E14D2A6007C22C4 /* NotificationSender.swift in Sources */ = {isa = PBXBuildFile; fileRef = 3EBFCB161E14D2A6007C22C4 /* NotificationSender.swift */; };
		3ECD52091E0533F700183EE4 /* JRSwizzle.m in Sources */ = {isa = PBXBuildFile; fileRef = 3ECD52081E0533F700183EE4 /* JRSwizzle.m */; };
		3EE721D81DFC080500EF99E1 /* main.m in Sources */ = {isa = PBXBuildFile; fileRef = 3EE721D71DFC080500EF99E1 /* main.m */; };
		3EFC1B9F1DF26FEF0011E88B /* Crash.app in Resources */ = {isa = PBXBuildFile; fileRef = 3EFC1B9D1DF26FEF0011E88B /* Crash.app */; };
/* End PBXBuildFile section */

/* Begin PBXContainerItemProxy section */
		05BABC9C1DE56E390012BC5B /* PBXContainerItemProxy */ = {
			isa = PBXContainerItemProxy;
			containerPortal = 05BABC7A1DE56DDE0012BC5B /* Project object */;
			proxyType = 1;
			remoteGlobalIDString = 05BABC911DE56E390012BC5B;
			remoteInfo = PXCTestKit;
		};
		05BABCA91DE56E810012BC5B /* PBXContainerItemProxy */ = {
			isa = PBXContainerItemProxy;
			containerPortal = 05BABC7A1DE56DDE0012BC5B /* Project object */;
			proxyType = 1;
			remoteGlobalIDString = 05BABC911DE56E390012BC5B;
			remoteInfo = PXCTestKit;
		};
		05BABCC81DE57DF50012BC5B /* PBXContainerItemProxy */ = {
			isa = PBXContainerItemProxy;
			containerPortal = 05BABCBD1DE57DF40012BC5B /* FBSimulatorControl.xcodeproj */;
			proxyType = 2;
			remoteGlobalIDString = EEBD600E1C90628F00298A07;
			remoteInfo = FBControlCore;
		};
		05BABCCA1DE57DF50012BC5B /* PBXContainerItemProxy */ = {
			isa = PBXContainerItemProxy;
			containerPortal = 05BABCBD1DE57DF40012BC5B /* FBSimulatorControl.xcodeproj */;
			proxyType = 2;
			remoteGlobalIDString = EEBD60171C90628F00298A07;
			remoteInfo = FBControlCoreTests;
		};
		05BABCCC1DE57DF50012BC5B /* PBXContainerItemProxy */ = {
			isa = PBXContainerItemProxy;
			containerPortal = 05BABCBD1DE57DF40012BC5B /* FBSimulatorControl.xcodeproj */;
			proxyType = 2;
			remoteGlobalIDString = EE4F0D301C91B7DA00608E89;
			remoteInfo = XCTestBootstrap;
		};
		05BABCCE1DE57DF50012BC5B /* PBXContainerItemProxy */ = {
			isa = PBXContainerItemProxy;
			containerPortal = 05BABCBD1DE57DF40012BC5B /* FBSimulatorControl.xcodeproj */;
			proxyType = 2;
			remoteGlobalIDString = EE4F0D391C91B7DB00608E89;
			remoteInfo = XCTestBootstrapTests;
		};
		05BABCD01DE57DF50012BC5B /* PBXContainerItemProxy */ = {
			isa = PBXContainerItemProxy;
			containerPortal = 05BABCBD1DE57DF40012BC5B /* FBSimulatorControl.xcodeproj */;
			proxyType = 2;
			remoteGlobalIDString = 1DD70E291A4B50E500000001;
			remoteInfo = FBSimulatorControl;
		};
		05BABCD21DE57DF50012BC5B /* PBXContainerItemProxy */ = {
			isa = PBXContainerItemProxy;
			containerPortal = 05BABCBD1DE57DF40012BC5B /* FBSimulatorControl.xcodeproj */;
			proxyType = 2;
			remoteGlobalIDString = AA819DB21B9FB40D002F58CA;
			remoteInfo = FBSimulatorControlTests;
		};
		05BABCD41DE57DF50012BC5B /* PBXContainerItemProxy */ = {
			isa = PBXContainerItemProxy;
			containerPortal = 05BABCBD1DE57DF40012BC5B /* FBSimulatorControl.xcodeproj */;
			proxyType = 2;
			remoteGlobalIDString = AAC8B22B1CEC51120034A865;
			remoteInfo = FBDeviceControl;
		};
		05BABCD61DE57DF50012BC5B /* PBXContainerItemProxy */ = {
			isa = PBXContainerItemProxy;
			containerPortal = 05BABCBD1DE57DF40012BC5B /* FBSimulatorControl.xcodeproj */;
			proxyType = 2;
			remoteGlobalIDString = AAC8B2341CEC51120034A865;
			remoteInfo = FBDeviceControlTests;
		};
		05BABCE01DE57E050012BC5B /* PBXContainerItemProxy */ = {
			isa = PBXContainerItemProxy;
			containerPortal = 05BABCBD1DE57DF40012BC5B /* FBSimulatorControl.xcodeproj */;
			proxyType = 1;
			remoteGlobalIDString = E66DC04E390C419500000000;
			remoteInfo = FBSimulatorControl;
		};
		3E8CC6661DFB9F110098116E /* PBXContainerItemProxy */ = {
			isa = PBXContainerItemProxy;
			containerPortal = 3E8CC65E1DFB9F110098116E /* Commander.xcodeproj */;
			proxyType = 2;
			remoteGlobalIDString = OBJ_39;
			remoteInfo = Commander;
		};
		3E8CC66E1DFB9F4B0098116E /* PBXContainerItemProxy */ = {
			isa = PBXContainerItemProxy;
			containerPortal = 3E8CC65E1DFB9F110098116E /* Commander.xcodeproj */;
			proxyType = 1;
			remoteGlobalIDString = OBJ_55;
			remoteInfo = Commander;
		};
		3ECD51FF1E04D7A700183EE4 /* PBXContainerItemProxy */ = {
			isa = PBXContainerItemProxy;
			containerPortal = 3E8CC65E1DFB9F110098116E /* Commander.xcodeproj */;
			proxyType = 2;
			remoteGlobalIDString = OBJ_38;
			remoteInfo = Spectre;
		};
		3ECD52011E04D7A700183EE4 /* PBXContainerItemProxy */ = {
			isa = PBXContainerItemProxy;
			containerPortal = 3E8CC65E1DFB9F110098116E /* Commander.xcodeproj */;
			proxyType = 2;
			remoteGlobalIDString = OBJ_40;
			remoteInfo = CommanderTests;
		};
/* End PBXContainerItemProxy section */

/* Begin PBXCopyFilesBuildPhase section */
		05BABC801DE56DDE0012BC5B /* CopyFiles */ = {
			isa = PBXCopyFilesBuildPhase;
			buildActionMask = 2147483647;
			dstPath = /usr/share/man/man1/;
			dstSubfolderSpec = 0;
			files = (
			);
			runOnlyForDeploymentPostprocessing = 1;
		};
		3EE721D21DFC080500EF99E1 /* CopyFiles */ = {
			isa = PBXCopyFilesBuildPhase;
			buildActionMask = 2147483647;
			dstPath = "include/$(PRODUCT_NAME)";
			dstSubfolderSpec = 16;
			files = (
			);
			runOnlyForDeploymentPostprocessing = 0;
		};
/* End PBXCopyFilesBuildPhase section */

/* Begin PBXFileReference section */
		050207081DED8BFC00AB14FB /* ReporterOption.swift */ = {isa = PBXFileReference; fileEncoding = 4; lastKnownFileType = sourcecode.swift; path = ReporterOption.swift; sourceTree = "<group>"; };
		050278231E35BB7F00692D96 /* RunTestsPool.swift */ = {isa = PBXFileReference; fileEncoding = 4; lastKnownFileType = sourcecode.swift; path = RunTestsPool.swift; sourceTree = "<group>"; };
		050278331E35D21C00692D96 /* ArrayExtensionTests.swift */ = {isa = PBXFileReference; fileEncoding = 4; lastKnownFileType = sourcecode.swift; path = ArrayExtensionTests.swift; sourceTree = "<group>"; };
		05075FFE1E26004E0044D0FF /* Crash_iphonesimulator10.2-x86_64.xctestrun */ = {isa = PBXFileReference; fileEncoding = 4; lastKnownFileType = text.xml; path = "Crash_iphonesimulator10.2-x86_64.xctestrun"; sourceTree = "<group>"; };
		05075FFF1E26004E0044D0FF /* Sample_iphonesimulator10.2-x86_64.xctestrun */ = {isa = PBXFileReference; fileEncoding = 4; lastKnownFileType = text.xml; path = "Sample_iphonesimulator10.2-x86_64.xctestrun"; sourceTree = "<group>"; };
		0511CB4F1DF3F550009B8B2F /* FBSimulator+PXCTestKit.swift */ = {isa = PBXFileReference; fileEncoding = 4; lastKnownFileType = sourcecode.swift; path = "FBSimulator+PXCTestKit.swift"; sourceTree = "<group>"; };
		0515A4911DF7C12F00D2F855 /* FBSimulatorControl+PXCTestKit.swift */ = {isa = PBXFileReference; fileEncoding = 4; lastKnownFileType = sourcecode.swift; path = "FBSimulatorControl+PXCTestKit.swift"; sourceTree = "<group>"; };
		0527C52B1E27A8B3007AC09C /* TestConsoleOutput.swift */ = {isa = PBXFileReference; fileEncoding = 4; lastKnownFileType = sourcecode.swift; path = TestConsoleOutput.swift; sourceTree = "<group>"; };
		0527C52D1E27A96E007AC09C /* XCTestCase+PXCTestKit.swift */ = {isa = PBXFileReference; fileEncoding = 4; lastKnownFileType = sourcecode.swift; path = "XCTestCase+PXCTestKit.swift"; sourceTree = "<group>"; };
		0527C5311E27A9B0007AC09C /* DestinationOptionTests.swift */ = {isa = PBXFileReference; fileEncoding = 4; lastKnownFileType = sourcecode.swift; path = DestinationOptionTests.swift; sourceTree = "<group>"; };
		0527C5321E27A9B0007AC09C /* OnlyOptionTests.swift */ = {isa = PBXFileReference; fileEncoding = 4; lastKnownFileType = sourcecode.swift; path = OnlyOptionTests.swift; sourceTree = "<group>"; };
		0527C5931E27A9FC007AC09C /* Fixtures.swift */ = {isa = PBXFileReference; fileEncoding = 4; lastKnownFileType = sourcecode.swift; path = Fixtures.swift; sourceTree = "<group>"; };
		0527C5961E27AA0F007AC09C /* ListTestsCommandTests.swift */ = {isa = PBXFileReference; fileEncoding = 4; lastKnownFileType = sourcecode.swift; path = ListTestsCommandTests.swift; sourceTree = "<group>"; };
		0527C5981E27AA0F007AC09C /* RunTestsCommandTests.swift */ = {isa = PBXFileReference; fileEncoding = 4; lastKnownFileType = sourcecode.swift; path = RunTestsCommandTests.swift; sourceTree = "<group>"; };
		0527C5991E27AA0F007AC09C /* RunTestsNotificationTests.swift */ = {isa = PBXFileReference; fileEncoding = 4; lastKnownFileType = sourcecode.swift; path = RunTestsNotificationTests.swift; sourceTree = "<group>"; };
		0527C59A1E27AA0F007AC09C /* RunTestsFileManagerTests.swift */ = {isa = PBXFileReference; fileEncoding = 4; lastKnownFileType = sourcecode.swift; path = RunTestsFileManagerTests.swift; sourceTree = "<group>"; };
		053634A11DE7E0F400F7BDB8 /* PXCTestKit.xcconfig */ = {isa = PBXFileReference; fileEncoding = 4; lastKnownFileType = text.xcconfig; path = PXCTestKit.xcconfig; sourceTree = "<group>"; };
		0541E15C1DE5A02C00D65F16 /* RSpecReporter.swift */ = {isa = PBXFileReference; fileEncoding = 4; lastKnownFileType = sourcecode.swift; path = RSpecReporter.swift; sourceTree = "<group>"; };
		0554B6B71E07923500299699 /* PXCTestKitTests.xcconfig */ = {isa = PBXFileReference; fileEncoding = 4; lastKnownFileType = text.xcconfig; path = PXCTestKitTests.xcconfig; sourceTree = "<group>"; };
		0554B6B91E07925B00299699 /* pxctest-list-tests.xcconfig */ = {isa = PBXFileReference; fileEncoding = 4; lastKnownFileType = text.xcconfig; path = "pxctest-list-tests.xcconfig"; sourceTree = "<group>"; };
		05564E101DF65BE500DC995C /* FBSimulatorInteraction+PXCTestKit.swift */ = {isa = PBXFileReference; fileEncoding = 4; lastKnownFileType = sourcecode.swift; path = "FBSimulatorInteraction+PXCTestKit.swift"; sourceTree = "<group>"; };
		055DCD6D1DF035AE00BB6B82 /* XcodeReporter.swift */ = {isa = PBXFileReference; fileEncoding = 4; lastKnownFileType = sourcecode.swift; path = XcodeReporter.swift; sourceTree = "<group>"; };
		058FD5501DEAC82D0066CE4B /* CHANGELOG.md */ = {isa = PBXFileReference; fileEncoding = 4; lastKnownFileType = net.daringfireball.markdown; path = CHANGELOG.md; sourceTree = "<group>"; };
		058FD5511DEAC82D0066CE4B /* README.md */ = {isa = PBXFileReference; fileEncoding = 4; lastKnownFileType = net.daringfireball.markdown; path = README.md; sourceTree = "<group>"; };
		058FD5591DEAC8490066CE4B /* testSampleAppTestRunOnlyFailingTests.expected_output */ = {isa = PBXFileReference; fileEncoding = 4; lastKnownFileType = text; path = testSampleAppTestRunOnlyFailingTests.expected_output; sourceTree = "<group>"; };
		058FD55B1DEAD7350066CE4B /* testSampleAppTestRunOnlySuccessfulTests.expected_output */ = {isa = PBXFileReference; fileEncoding = 4; lastKnownFileType = text; path = testSampleAppTestRunOnlySuccessfulTests.expected_output; sourceTree = "<group>"; };
		0597DC171E0123F800968469 /* Context.swift */ = {isa = PBXFileReference; fileEncoding = 4; lastKnownFileType = sourcecode.swift; path = Context.swift; sourceTree = "<group>"; };
		059CF22B1E39F7E200FFCE30 /* RunTestsPartition.swift */ = {isa = PBXFileReference; fileEncoding = 4; lastKnownFileType = sourcecode.swift; path = RunTestsPartition.swift; sourceTree = "<group>"; };
		059CF2361E3A03CA00FFCE30 /* RunTestsPartitionTests.swift */ = {isa = PBXFileReference; fileEncoding = 4; lastKnownFileType = sourcecode.swift; path = RunTestsPartitionTests.swift; sourceTree = "<group>"; };
		059CF2381E3A043600FFCE30 /* runtime.json */ = {isa = PBXFileReference; fileEncoding = 4; lastKnownFileType = text.json; path = runtime.json; sourceTree = "<group>"; };
		05B2CA341DEBE94F00795F07 /* Environment.swift */ = {isa = PBXFileReference; fileEncoding = 4; lastKnownFileType = sourcecode.swift; path = Environment.swift; sourceTree = "<group>"; };
		05B2CA361DEBEA1F00795F07 /* EnvironmentTests.swift */ = {isa = PBXFileReference; fileEncoding = 4; lastKnownFileType = sourcecode.swift; path = EnvironmentTests.swift; sourceTree = "<group>"; };
		05B6EC0C1DEEF90B008CBBEE /* testSampleAppTestRunOnlyOneTarget.expected_output */ = {isa = PBXFileReference; fileEncoding = 4; lastKnownFileType = text; path = testSampleAppTestRunOnlyOneTarget.expected_output; sourceTree = "<group>"; };
		05B6EC1E1DEEFBD0008CBBEE /* testSampleAppTestRunRunWithAllTargetsAndJSONReporter.expected_output */ = {isa = PBXFileReference; fileEncoding = 4; lastKnownFileType = text; path = testSampleAppTestRunRunWithAllTargetsAndJSONReporter.expected_output; sourceTree = "<group>"; };
		05BABC821DE56DDE0012BC5B /* pxctest */ = {isa = PBXFileReference; explicitFileType = "compiled.mach-o.executable"; includeInIndex = 0; path = pxctest; sourceTree = BUILT_PRODUCTS_DIR; };
		05BABC851DE56DDE0012BC5B /* main.m */ = {isa = PBXFileReference; lastKnownFileType = sourcecode.c.objc; path = main.m; sourceTree = "<group>"; };
		05BABC8C1DE56E070012BC5B /* pxctest.xcconfig */ = {isa = PBXFileReference; fileEncoding = 4; lastKnownFileType = text.xcconfig; path = pxctest.xcconfig; sourceTree = "<group>"; };
		05BABC921DE56E390012BC5B /* PXCTestKit.framework */ = {isa = PBXFileReference; explicitFileType = wrapper.framework; includeInIndex = 0; path = PXCTestKit.framework; sourceTree = BUILT_PRODUCTS_DIR; };
		05BABC941DE56E390012BC5B /* PXCTestKit.h */ = {isa = PBXFileReference; lastKnownFileType = sourcecode.c.h; path = PXCTestKit.h; sourceTree = "<group>"; };
		05BABC951DE56E390012BC5B /* Info.plist */ = {isa = PBXFileReference; lastKnownFileType = text.plist.xml; path = Info.plist; sourceTree = "<group>"; };
		05BABC9A1DE56E390012BC5B /* PXCTestKitTests.xctest */ = {isa = PBXFileReference; explicitFileType = wrapper.cfbundle; includeInIndex = 0; path = PXCTestKitTests.xctest; sourceTree = BUILT_PRODUCTS_DIR; };
		05BABCA11DE56E390012BC5B /* Info.plist */ = {isa = PBXFileReference; lastKnownFileType = text.plist.xml; path = Info.plist; sourceTree = "<group>"; };
		05BABCAB1DE56E9A0012BC5B /* CommandLineInterface.swift */ = {isa = PBXFileReference; fileEncoding = 4; lastKnownFileType = sourcecode.swift; path = CommandLineInterface.swift; sourceTree = "<group>"; };
		05BABCBD1DE57DF40012BC5B /* FBSimulatorControl.xcodeproj */ = {isa = PBXFileReference; lastKnownFileType = "wrapper.pb-project"; name = FBSimulatorControl.xcodeproj; path = Dependencies/FBSimulatorControl/FBSimulatorControl.xcodeproj; sourceTree = "<group>"; };
		05BABCEA1DE582BC0012BC5B /* ExistingFileURLOption.swift */ = {isa = PBXFileReference; fileEncoding = 4; lastKnownFileType = sourcecode.swift; path = ExistingFileURLOption.swift; sourceTree = "<group>"; };
		05BABCEB1DE582BC0012BC5B /* FileURLOption.swift */ = {isa = PBXFileReference; fileEncoding = 4; lastKnownFileType = sourcecode.swift; path = FileURLOption.swift; sourceTree = "<group>"; };
		05BABCF01DE586B10012BC5B /* DestinationOption.swift */ = {isa = PBXFileReference; fileEncoding = 4; lastKnownFileType = sourcecode.swift; path = DestinationOption.swift; sourceTree = "<group>"; };
		05BC2B121DEAB9EB00ED3F58 /* build.sh */ = {isa = PBXFileReference; fileEncoding = 4; lastKnownFileType = text.script.sh; path = build.sh; sourceTree = "<group>"; };
		05BC2B4D1DEABC5A00ED3F58 /* Sample.app */ = {isa = PBXFileReference; lastKnownFileType = wrapper.application; path = Sample.app; sourceTree = "<group>"; };
		05BC2B4E1DEABC5A00ED3F58 /* SampleUITests-Runner.app */ = {isa = PBXFileReference; lastKnownFileType = wrapper.application; path = "SampleUITests-Runner.app"; sourceTree = "<group>"; };
		05BE2F901E067EFC0097B23D /* testListSampleAppTests.expected_output */ = {isa = PBXFileReference; fileEncoding = 4; lastKnownFileType = text; path = testListSampleAppTests.expected_output; sourceTree = "<group>"; };
		05E1B2FA1DE6F62A00C38DB1 /* Locale.swift */ = {isa = PBXFileReference; fileEncoding = 4; lastKnownFileType = sourcecode.swift; path = Locale.swift; sourceTree = "<group>"; };
		05E1B2FE1DE6FD8F00C38DB1 /* DefaultsOption.swift */ = {isa = PBXFileReference; fileEncoding = 4; lastKnownFileType = sourcecode.swift; path = DefaultsOption.swift; sourceTree = "<group>"; };
		05E1B3001DE7066E00C38DB1 /* OnlyOption.swift */ = {isa = PBXFileReference; fileEncoding = 4; lastKnownFileType = sourcecode.swift; path = OnlyOption.swift; sourceTree = "<group>"; };
		05E1E2E71E3B4199004F67B8 /* TestRuntimeRecord.swift */ = {isa = PBXFileReference; fileEncoding = 4; lastKnownFileType = sourcecode.swift; path = TestRuntimeRecord.swift; sourceTree = "<group>"; };
		05E1E2F31E3C5639004F67B8 /* TestReporterTests.swift */ = {isa = PBXFileReference; fileEncoding = 4; lastKnownFileType = sourcecode.swift; path = TestReporterTests.swift; sourceTree = "<group>"; };
		05E1E2F91E3D8D8A004F67B8 /* Array+PXCTestKit.swift */ = {isa = PBXFileReference; fileEncoding = 4; lastKnownFileType = sourcecode.swift; path = "Array+PXCTestKit.swift"; sourceTree = "<group>"; };
		05E1E3221E3DA76D004F67B8 /* String+PXCTestKit.swift */ = {isa = PBXFileReference; fileEncoding = 4; lastKnownFileType = sourcecode.swift; path = "String+PXCTestKit.swift"; sourceTree = "<group>"; };
		05E1E3291E3DA80B004F67B8 /* libcommonCrypto.tbd */ = {isa = PBXFileReference; lastKnownFileType = "sourcecode.text-based-dylib-definition"; name = libcommonCrypto.tbd; path = usr/lib/system/libcommonCrypto.tbd; sourceTree = SDKROOT; };
		05E1E33C1E3DAB87004F67B8 /* CommonCrypto.framework */ = {isa = PBXFileReference; lastKnownFileType = wrapper.framework; name = CommonCrypto.framework; path = Dependencies/CommonCrypto.framework; sourceTree = "<group>"; };
		05E1E33E1E3DACE3004F67B8 /* StringExtensionTests.swift */ = {isa = PBXFileReference; fileEncoding = 4; lastKnownFileType = sourcecode.swift; path = StringExtensionTests.swift; sourceTree = "<group>"; };
		05E1E3401E3DB140004F67B8 /* TestReporter.swift */ = {isa = PBXFileReference; fileEncoding = 4; lastKnownFileType = sourcecode.swift; path = TestReporter.swift; sourceTree = "<group>"; };
		05E1E35B1E3DCC34004F67B8 /* TestReporterAdapter.swift */ = {isa = PBXFileReference; fileEncoding = 4; lastKnownFileType = sourcecode.swift; path = TestReporterAdapter.swift; sourceTree = "<group>"; };
		05E1E3661E3DCD52004F67B8 /* TestReporterInterface.swift */ = {isa = PBXFileReference; fileEncoding = 4; lastKnownFileType = sourcecode.swift; path = TestReporterInterface.swift; sourceTree = "<group>"; };
		05E3DE6D1DED319D005A1459 /* Command.swift */ = {isa = PBXFileReference; fileEncoding = 4; lastKnownFileType = sourcecode.swift; path = Command.swift; sourceTree = "<group>"; };
		05E3DE731DED574B005A1459 /* ConsoleReporter.swift */ = {isa = PBXFileReference; fileEncoding = 4; lastKnownFileType = sourcecode.swift; path = ConsoleReporter.swift; sourceTree = "<group>"; };
		05E3DE751DED58ED005A1459 /* JSONReporter.swift */ = {isa = PBXFileReference; fileEncoding = 4; lastKnownFileType = sourcecode.swift; path = JSONReporter.swift; sourceTree = "<group>"; };
		05F650C01E2B84B8007330D4 /* ListTestsShim.swift */ = {isa = PBXFileReference; fileEncoding = 4; lastKnownFileType = sourcecode.swift; path = ListTestsShim.swift; sourceTree = "<group>"; };
		3E3512C91E29F14700EC47FE /* SimulatorLogFile.swift */ = {isa = PBXFileReference; fileEncoding = 4; lastKnownFileType = sourcecode.swift; path = SimulatorLogFile.swift; sourceTree = "<group>"; };
		3E3512D11E2A0DA800EC47FE /* SimulatorLogFileTests.swift */ = {isa = PBXFileReference; fileEncoding = 4; lastKnownFileType = sourcecode.swift; path = SimulatorLogFileTests.swift; sourceTree = "<group>"; };
		3E3512D31E2A122500EC47FE /* SimulatorOptions.swift */ = {isa = PBXFileReference; fileEncoding = 4; lastKnownFileType = sourcecode.swift; path = SimulatorOptions.swift; sourceTree = "<group>"; };
		3E4CA6E51DFBB097005216A3 /* Info.plist */ = {isa = PBXFileReference; fileEncoding = 4; lastKnownFileType = text.plist.xml; path = Info.plist; sourceTree = "<group>"; };
		3E4CA6EE1DFBBA22005216A3 /* Int+PXCTestKit.swift */ = {isa = PBXFileReference; fileEncoding = 4; lastKnownFileType = sourcecode.swift; path = "Int+PXCTestKit.swift"; sourceTree = "<group>"; };
		3E4CA7091DFBCA5B005216A3 /* SignalHandler.swift */ = {isa = PBXFileReference; fileEncoding = 4; lastKnownFileType = sourcecode.swift; path = SignalHandler.swift; sourceTree = "<group>"; };
		3E4CA70C1DFBCA90005216A3 /* ANSI.swift */ = {isa = PBXFileReference; fileEncoding = 4; lastKnownFileType = sourcecode.swift; path = ANSI.swift; sourceTree = "<group>"; };
		3E4CA70D1DFBCA90005216A3 /* ConsoleErrorFormatter.swift */ = {isa = PBXFileReference; fileEncoding = 4; lastKnownFileType = sourcecode.swift; path = ConsoleErrorFormatter.swift; sourceTree = "<group>"; };
		3E4CA70E1DFBCA90005216A3 /* ConsoleOutput.swift */ = {isa = PBXFileReference; fileEncoding = 4; lastKnownFileType = sourcecode.swift; path = ConsoleOutput.swift; sourceTree = "<group>"; };
		3E8CC65E1DFB9F110098116E /* Commander.xcodeproj */ = {isa = PBXFileReference; lastKnownFileType = "wrapper.pb-project"; name = Commander.xcodeproj; path = Dependencies/Commander.xcodeproj; sourceTree = "<group>"; };
		3E9D461E1DFA507F006DDB10 /* ConsoleOutputTests.swift */ = {isa = PBXFileReference; fileEncoding = 4; lastKnownFileType = sourcecode.swift; path = ConsoleOutputTests.swift; sourceTree = "<group>"; };
		3EBFCB041E14C739007C22C4 /* BootSimulatorsCommand.swift */ = {isa = PBXFileReference; fileEncoding = 4; lastKnownFileType = sourcecode.swift; path = BootSimulatorsCommand.swift; sourceTree = "<group>"; };
		3EBFCB061E14C739007C22C4 /* ListTestsCommand.swift */ = {isa = PBXFileReference; fileEncoding = 4; lastKnownFileType = sourcecode.swift; path = ListTestsCommand.swift; sourceTree = "<group>"; };
		3EBFCB081E14C739007C22C4 /* RunTestsCommand.swift */ = {isa = PBXFileReference; fileEncoding = 4; lastKnownFileType = sourcecode.swift; path = RunTestsCommand.swift; sourceTree = "<group>"; };
		3EBFCB091E14C739007C22C4 /* RunTestsError.swift */ = {isa = PBXFileReference; fileEncoding = 4; lastKnownFileType = sourcecode.swift; path = RunTestsError.swift; sourceTree = "<group>"; };
		3EBFCB0A1E14C739007C22C4 /* RunTestsWorker.swift */ = {isa = PBXFileReference; fileEncoding = 4; lastKnownFileType = sourcecode.swift; path = RunTestsWorker.swift; sourceTree = "<group>"; };
		3EBFCB101E14C7D2007C22C4 /* RunTestsFileManager.swift */ = {isa = PBXFileReference; fileEncoding = 4; lastKnownFileType = sourcecode.swift; path = RunTestsFileManager.swift; sourceTree = "<group>"; };
		3EBFCB111E14C7D2007C22C4 /* RunTestsReporters.swift */ = {isa = PBXFileReference; fileEncoding = 4; lastKnownFileType = sourcecode.swift; path = RunTestsReporters.swift; sourceTree = "<group>"; };
		3EBFCB141E14D282007C22C4 /* RunTestsNotification.swift */ = {isa = PBXFileReference; fileEncoding = 4; lastKnownFileType = sourcecode.swift; path = RunTestsNotification.swift; sourceTree = "<group>"; };
		3EBFCB161E14D2A6007C22C4 /* NotificationSender.swift */ = {isa = PBXFileReference; fileEncoding = 4; lastKnownFileType = sourcecode.swift; path = NotificationSender.swift; sourceTree = "<group>"; };
		3ECD52071E0533F700183EE4 /* JRSwizzle.h */ = {isa = PBXFileReference; fileEncoding = 4; lastKnownFileType = sourcecode.c.h; path = JRSwizzle.h; sourceTree = "<group>"; };
		3ECD52081E0533F700183EE4 /* JRSwizzle.m */ = {isa = PBXFileReference; fileEncoding = 4; lastKnownFileType = sourcecode.c.objc; path = JRSwizzle.m; sourceTree = "<group>"; };
		3EE721D41DFC080500EF99E1 /* libpxctest-list-tests.dylib */ = {isa = PBXFileReference; explicitFileType = archive.ar; includeInIndex = 0; path = "libpxctest-list-tests.dylib"; sourceTree = BUILT_PRODUCTS_DIR; };
		3EE721D71DFC080500EF99E1 /* main.m */ = {isa = PBXFileReference; lastKnownFileType = sourcecode.c.objc; path = main.m; sourceTree = "<group>"; };
		3EFC1B9D1DF26FEF0011E88B /* Crash.app */ = {isa = PBXFileReference; lastKnownFileType = wrapper.application; path = Crash.app; sourceTree = "<group>"; };
/* End PBXFileReference section */

/* Begin PBXFrameworksBuildPhase section */
		05BABC7F1DE56DDE0012BC5B /* Frameworks */ = {
			isa = PBXFrameworksBuildPhase;
			buildActionMask = 2147483647;
			files = (
			);
			runOnlyForDeploymentPostprocessing = 0;
		};
		05BABC8E1DE56E390012BC5B /* Frameworks */ = {
			isa = PBXFrameworksBuildPhase;
			buildActionMask = 2147483647;
			files = (
				05E1E33D1E3DAB87004F67B8 /* CommonCrypto.framework in Frameworks */,
			);
			runOnlyForDeploymentPostprocessing = 0;
		};
		05BABC971DE56E390012BC5B /* Frameworks */ = {
			isa = PBXFrameworksBuildPhase;
			buildActionMask = 2147483647;
			files = (
				05BABC9B1DE56E390012BC5B /* PXCTestKit.framework in Frameworks */,
			);
			runOnlyForDeploymentPostprocessing = 0;
		};
		3EE721D11DFC080500EF99E1 /* Frameworks */ = {
			isa = PBXFrameworksBuildPhase;
			buildActionMask = 2147483647;
			files = (
			);
			runOnlyForDeploymentPostprocessing = 0;
		};
/* End PBXFrameworksBuildPhase section */

/* Begin PBXGroup section */
		050278321E35D1FA00692D96 /* Extension */ = {
			isa = PBXGroup;
			children = (
				050278331E35D21C00692D96 /* ArrayExtensionTests.swift */,
				05E1E33E1E3DACE3004F67B8 /* StringExtensionTests.swift */,
			);
			path = Extension;
			sourceTree = "<group>";
		};
		0511CB491DF3F542009B8B2F /* Extension */ = {
			isa = PBXGroup;
			children = (
				05E1E2F91E3D8D8A004F67B8 /* Array+PXCTestKit.swift */,
				0511CB4F1DF3F550009B8B2F /* FBSimulator+PXCTestKit.swift */,
				0515A4911DF7C12F00D2F855 /* FBSimulatorControl+PXCTestKit.swift */,
				05564E101DF65BE500DC995C /* FBSimulatorInteraction+PXCTestKit.swift */,
				3E4CA6EE1DFBBA22005216A3 /* Int+PXCTestKit.swift */,
				05E1E3221E3DA76D004F67B8 /* String+PXCTestKit.swift */,
			);
			path = Extension;
			sourceTree = "<group>";
		};
		051D17951DEAEDCB00626C39 /* Documents */ = {
			isa = PBXGroup;
			children = (
				058FD5501DEAC82D0066CE4B /* CHANGELOG.md */,
				058FD5511DEAC82D0066CE4B /* README.md */,
			);
			name = Documents;
			sourceTree = "<group>";
		};
		0527C52A1E27A8B3007AC09C /* Helper */ = {
			isa = PBXGroup;
			children = (
				0527C5931E27A9FC007AC09C /* Fixtures.swift */,
				0527C52B1E27A8B3007AC09C /* TestConsoleOutput.swift */,
				0527C52D1E27A96E007AC09C /* XCTestCase+PXCTestKit.swift */,
			);
			path = Helper;
			sourceTree = "<group>";
		};
		0527C52F1E27A9B0007AC09C /* Command */ = {
			isa = PBXGroup;
			children = (
				0527C5951E27AA0F007AC09C /* ListTests */,
				0527C5971E27AA0F007AC09C /* RunTests */,
			);
			path = Command;
			sourceTree = "<group>";
		};
		0527C5301E27A9B0007AC09C /* Option */ = {
			isa = PBXGroup;
			children = (
				0527C5311E27A9B0007AC09C /* DestinationOptionTests.swift */,
				0527C5321E27A9B0007AC09C /* OnlyOptionTests.swift */,
			);
			path = Option;
			sourceTree = "<group>";
		};
		0527C5951E27AA0F007AC09C /* ListTests */ = {
			isa = PBXGroup;
			children = (
				0527C5961E27AA0F007AC09C /* ListTestsCommandTests.swift */,
			);
			path = ListTests;
			sourceTree = "<group>";
		};
		0527C5971E27AA0F007AC09C /* RunTests */ = {
			isa = PBXGroup;
			children = (
				0527C5981E27AA0F007AC09C /* RunTestsCommandTests.swift */,
				0527C59A1E27AA0F007AC09C /* RunTestsFileManagerTests.swift */,
				0527C5991E27AA0F007AC09C /* RunTestsNotificationTests.swift */,
				059CF2361E3A03CA00FFCE30 /* RunTestsPartitionTests.swift */,
			);
			path = RunTests;
			sourceTree = "<group>";
		};
		0541E15B1DE59FFF00D65F16 /* Reporter */ = {
			isa = PBXGroup;
			children = (
				05E3DE731DED574B005A1459 /* ConsoleReporter.swift */,
				05E3DE751DED58ED005A1459 /* JSONReporter.swift */,
				0541E15C1DE5A02C00D65F16 /* RSpecReporter.swift */,
				05E1E3401E3DB140004F67B8 /* TestReporter.swift */,
				05E1E35B1E3DCC34004F67B8 /* TestReporterAdapter.swift */,
				05E1E3661E3DCD52004F67B8 /* TestReporterInterface.swift */,
				055DCD6D1DF035AE00BB6B82 /* XcodeReporter.swift */,
			);
			path = Reporter;
			sourceTree = "<group>";
		};
		05BABC791DE56DDE0012BC5B = {
			isa = PBXGroup;
			children = (
				05BABCAD1DE57DDB0012BC5B /* Dependencies */,
				051D17951DEAEDCB00626C39 /* Documents */,
				05E1E3281E3DA80B004F67B8 /* Frameworks */,
				05BABC831DE56DDE0012BC5B /* Products */,
				05BABC841DE56DDE0012BC5B /* pxctest */,
				3EE721D51DFC080500EF99E1 /* pxctest-list-tests */,
				05BABC931DE56E390012BC5B /* PXCTestKit */,
				05BABC9E1DE56E390012BC5B /* PXCTestKitTests */,
			);
			sourceTree = "<group>";
		};
		05BABC831DE56DDE0012BC5B /* Products */ = {
			isa = PBXGroup;
			children = (
				05BABC821DE56DDE0012BC5B /* pxctest */,
				05BABC921DE56E390012BC5B /* PXCTestKit.framework */,
				05BABC9A1DE56E390012BC5B /* PXCTestKitTests.xctest */,
				3EE721D41DFC080500EF99E1 /* libpxctest-list-tests.dylib */,
			);
			name = Products;
			sourceTree = "<group>";
		};
		05BABC841DE56DDE0012BC5B /* pxctest */ = {
			isa = PBXGroup;
			children = (
				3E4CA6E51DFBB097005216A3 /* Info.plist */,
				05BABC851DE56DDE0012BC5B /* main.m */,
				05BABC8C1DE56E070012BC5B /* pxctest.xcconfig */,
			);
			path = pxctest;
			sourceTree = "<group>";
		};
		05BABC931DE56E390012BC5B /* PXCTestKit */ = {
			isa = PBXGroup;
			children = (
				05BABC941DE56E390012BC5B /* PXCTestKit.h */,
				05BABC951DE56E390012BC5B /* Info.plist */,
				3E4CA70C1DFBCA90005216A3 /* ANSI.swift */,
				05BABCAB1DE56E9A0012BC5B /* CommandLineInterface.swift */,
				3E4CA70D1DFBCA90005216A3 /* ConsoleErrorFormatter.swift */,
				3E4CA70E1DFBCA90005216A3 /* ConsoleOutput.swift */,
				05B2CA341DEBE94F00795F07 /* Environment.swift */,
				05F650C01E2B84B8007330D4 /* ListTestsShim.swift */,
				3EBFCB161E14D2A6007C22C4 /* NotificationSender.swift */,
				3E4CA7091DFBCA5B005216A3 /* SignalHandler.swift */,
				3E3512C91E29F14700EC47FE /* SimulatorLogFile.swift */,
				3E3512D31E2A122500EC47FE /* SimulatorOptions.swift */,
				05E1E2E71E3B4199004F67B8 /* TestRuntimeRecord.swift */,
				053634A11DE7E0F400F7BDB8 /* PXCTestKit.xcconfig */,
				05BABCE81DE5829D0012BC5B /* Command */,
				0511CB491DF3F542009B8B2F /* Extension */,
				05BABCE91DE5829D0012BC5B /* Option */,
				0541E15B1DE59FFF00D65F16 /* Reporter */,
			);
			path = PXCTestKit;
			sourceTree = "<group>";
		};
		05BABC9E1DE56E390012BC5B /* PXCTestKitTests */ = {
			isa = PBXGroup;
			children = (
				05BABCA11DE56E390012BC5B /* Info.plist */,
				3E9D461E1DFA507F006DDB10 /* ConsoleOutputTests.swift */,
				05B2CA361DEBEA1F00795F07 /* EnvironmentTests.swift */,
				3E3512D11E2A0DA800EC47FE /* SimulatorLogFileTests.swift */,
				0554B6B71E07923500299699 /* PXCTestKitTests.xcconfig */,
				0527C52F1E27A9B0007AC09C /* Command */,
				050278321E35D1FA00692D96 /* Extension */,
				05BC2B111DEAB9EB00ED3F58 /* Fixtures */,
				0527C52A1E27A8B3007AC09C /* Helper */,
				0527C5301E27A9B0007AC09C /* Option */,
				05E1E2F21E3C5623004F67B8 /* Reporter */,
			);
			path = PXCTestKitTests;
			sourceTree = "<group>";
		};
		05BABCAD1DE57DDB0012BC5B /* Dependencies */ = {
			isa = PBXGroup;
			children = (
				05E1E33C1E3DAB87004F67B8 /* CommonCrypto.framework */,
				3E8CC65E1DFB9F110098116E /* Commander.xcodeproj */,
				05BABCBD1DE57DF40012BC5B /* FBSimulatorControl.xcodeproj */,
			);
			name = Dependencies;
			sourceTree = "<group>";
		};
		05BABCBE1DE57DF40012BC5B /* Products */ = {
			isa = PBXGroup;
			children = (
				05BABCC91DE57DF50012BC5B /* FBControlCore.framework */,
				05BABCCB1DE57DF50012BC5B /* FBControlCoreTests.xctest */,
				05BABCCD1DE57DF50012BC5B /* XCTestBootstrap.framework */,
				05BABCCF1DE57DF50012BC5B /* XCTestBootstrapTests.xctest */,
				05BABCD11DE57DF50012BC5B /* FBSimulatorControl.framework */,
				05BABCD31DE57DF50012BC5B /* FBSimulatorControlTests.xctest */,
				05BABCD51DE57DF50012BC5B /* FBDeviceControl.framework */,
				05BABCD71DE57DF50012BC5B /* FBDeviceControlTests.xctest */,
			);
			name = Products;
			sourceTree = "<group>";
		};
		05BABCE81DE5829D0012BC5B /* Command */ = {
			isa = PBXGroup;
			children = (
				05E3DE6D1DED319D005A1459 /* Command.swift */,
				0597DC171E0123F800968469 /* Context.swift */,
				3EBFCB031E14C739007C22C4 /* BootSimulators */,
				3EBFCB051E14C739007C22C4 /* ListTests */,
				3EBFCB071E14C739007C22C4 /* RunTests */,
			);
			path = Command;
			sourceTree = "<group>";
		};
		05BABCE91DE5829D0012BC5B /* Option */ = {
			isa = PBXGroup;
			children = (
				05E1B2FE1DE6FD8F00C38DB1 /* DefaultsOption.swift */,
				05BABCF01DE586B10012BC5B /* DestinationOption.swift */,
				05BABCEA1DE582BC0012BC5B /* ExistingFileURLOption.swift */,
				05BABCEB1DE582BC0012BC5B /* FileURLOption.swift */,
				05E1B2FA1DE6F62A00C38DB1 /* Locale.swift */,
				05E1B3001DE7066E00C38DB1 /* OnlyOption.swift */,
				050207081DED8BFC00AB14FB /* ReporterOption.swift */,
			);
			path = Option;
			sourceTree = "<group>";
		};
		05BC2B111DEAB9EB00ED3F58 /* Fixtures */ = {
			isa = PBXGroup;
			children = (
				3EFC1B9D1DF26FEF0011E88B /* Crash.app */,
				05BC2B4D1DEABC5A00ED3F58 /* Sample.app */,
				05BC2B4E1DEABC5A00ED3F58 /* SampleUITests-Runner.app */,
				05BE2F901E067EFC0097B23D /* testListSampleAppTests.expected_output */,
				058FD5591DEAC8490066CE4B /* testSampleAppTestRunOnlyFailingTests.expected_output */,
				05B6EC0C1DEEF90B008CBBEE /* testSampleAppTestRunOnlyOneTarget.expected_output */,
				058FD55B1DEAD7350066CE4B /* testSampleAppTestRunOnlySuccessfulTests.expected_output */,
				05B6EC1E1DEEFBD0008CBBEE /* testSampleAppTestRunRunWithAllTargetsAndJSONReporter.expected_output */,
				059CF2381E3A043600FFCE30 /* runtime.json */,
				05BC2B121DEAB9EB00ED3F58 /* build.sh */,
				05075FFE1E26004E0044D0FF /* Crash_iphonesimulator10.2-x86_64.xctestrun */,
				05075FFF1E26004E0044D0FF /* Sample_iphonesimulator10.2-x86_64.xctestrun */,
			);
			path = Fixtures;
			sourceTree = "<group>";
		};
		05E1E2F21E3C5623004F67B8 /* Reporter */ = {
			isa = PBXGroup;
			children = (
				05E1E2F31E3C5639004F67B8 /* TestReporterTests.swift */,
			);
			path = Reporter;
			sourceTree = "<group>";
		};
		05E1E3281E3DA80B004F67B8 /* Frameworks */ = {
			isa = PBXGroup;
			children = (
				05E1E3291E3DA80B004F67B8 /* libcommonCrypto.tbd */,
			);
			name = Frameworks;
			sourceTree = "<group>";
		};
		3E8CC65F1DFB9F110098116E /* Products */ = {
			isa = PBXGroup;
			children = (
				3ECD52001E04D7A700183EE4 /* Spectre.framework */,
				3E8CC6671DFB9F110098116E /* Commander.framework */,
				3ECD52021E04D7A700183EE4 /* CommanderTests.xctest */,
			);
			name = Products;
			sourceTree = "<group>";
		};
		3EBFCB031E14C739007C22C4 /* BootSimulators */ = {
			isa = PBXGroup;
			children = (
				3EBFCB041E14C739007C22C4 /* BootSimulatorsCommand.swift */,
			);
			path = BootSimulators;
			sourceTree = "<group>";
		};
		3EBFCB051E14C739007C22C4 /* ListTests */ = {
			isa = PBXGroup;
			children = (
				3EBFCB061E14C739007C22C4 /* ListTestsCommand.swift */,
			);
			path = ListTests;
			sourceTree = "<group>";
		};
		3EBFCB071E14C739007C22C4 /* RunTests */ = {
			isa = PBXGroup;
			children = (
				3EBFCB081E14C739007C22C4 /* RunTestsCommand.swift */,
				3EBFCB091E14C739007C22C4 /* RunTestsError.swift */,
				3EBFCB101E14C7D2007C22C4 /* RunTestsFileManager.swift */,
				3EBFCB141E14D282007C22C4 /* RunTestsNotification.swift */,
				059CF22B1E39F7E200FFCE30 /* RunTestsPartition.swift */,
				050278231E35BB7F00692D96 /* RunTestsPool.swift */,
				3EBFCB111E14C7D2007C22C4 /* RunTestsReporters.swift */,
				3EBFCB0A1E14C739007C22C4 /* RunTestsWorker.swift */,
			);
			path = RunTests;
			sourceTree = "<group>";
		};
		3EE721D51DFC080500EF99E1 /* pxctest-list-tests */ = {
			isa = PBXGroup;
			children = (
				3ECD52071E0533F700183EE4 /* JRSwizzle.h */,
				3ECD52081E0533F700183EE4 /* JRSwizzle.m */,
				3EE721D71DFC080500EF99E1 /* main.m */,
				0554B6B91E07925B00299699 /* pxctest-list-tests.xcconfig */,
			);
			path = "pxctest-list-tests";
			sourceTree = "<group>";
		};
/* End PBXGroup section */

/* Begin PBXHeadersBuildPhase section */
		05BABC8F1DE56E390012BC5B /* Headers */ = {
			isa = PBXHeadersBuildPhase;
			buildActionMask = 2147483647;
			files = (
				05BABCA21DE56E390012BC5B /* PXCTestKit.h in Headers */,
			);
			runOnlyForDeploymentPostprocessing = 0;
		};
/* End PBXHeadersBuildPhase section */

/* Begin PBXNativeTarget section */
		05BABC811DE56DDE0012BC5B /* pxctest */ = {
			isa = PBXNativeTarget;
			buildConfigurationList = 05BABC891DE56DDE0012BC5B /* Build configuration list for PBXNativeTarget "pxctest" */;
			buildPhases = (
				05BABC7E1DE56DDE0012BC5B /* Sources */,
				05BABC7F1DE56DDE0012BC5B /* Frameworks */,
				05BABC801DE56DDE0012BC5B /* CopyFiles */,
			);
			buildRules = (
			);
			dependencies = (
				05BABCAA1DE56E810012BC5B /* PBXTargetDependency */,
			);
			name = pxctest;
			productName = pxctest;
			productReference = 05BABC821DE56DDE0012BC5B /* pxctest */;
			productType = "com.apple.product-type.tool";
		};
		05BABC911DE56E390012BC5B /* PXCTestKit */ = {
			isa = PBXNativeTarget;
			buildConfigurationList = 05BABCA31DE56E390012BC5B /* Build configuration list for PBXNativeTarget "PXCTestKit" */;
			buildPhases = (
				05BABC8D1DE56E390012BC5B /* Sources */,
				05BABC8E1DE56E390012BC5B /* Frameworks */,
				05BABC8F1DE56E390012BC5B /* Headers */,
				05BABC901DE56E390012BC5B /* Resources */,
				05F5ADF81DF95A8F00F7E51C /* Set GIT_COMMIT */,
				0554B69C1E078A7300299699 /* Build pxctest-list-tests */,
			);
			buildRules = (
			);
			dependencies = (
				3E8CC66F1DFB9F4B0098116E /* PBXTargetDependency */,
				05BABCD91DE57E050012BC5B /* PBXTargetDependency */,
				05BABCE11DE57E050012BC5B /* PBXTargetDependency */,
			);
			name = PXCTestKit;
			productName = PXCTestKit;
			productReference = 05BABC921DE56E390012BC5B /* PXCTestKit.framework */;
			productType = "com.apple.product-type.framework";
		};
		05BABC991DE56E390012BC5B /* PXCTestKitTests */ = {
			isa = PBXNativeTarget;
			buildConfigurationList = 05BABCA61DE56E390012BC5B /* Build configuration list for PBXNativeTarget "PXCTestKitTests" */;
			buildPhases = (
				05BABC961DE56E390012BC5B /* Sources */,
				05BABC971DE56E390012BC5B /* Frameworks */,
				05BABC981DE56E390012BC5B /* Resources */,
			);
			buildRules = (
			);
			dependencies = (
				05BABC9D1DE56E390012BC5B /* PBXTargetDependency */,
			);
			name = PXCTestKitTests;
			productName = PXCTestKitTests;
			productReference = 05BABC9A1DE56E390012BC5B /* PXCTestKitTests.xctest */;
			productType = "com.apple.product-type.bundle.unit-test";
		};
		3EE721D31DFC080500EF99E1 /* pxctest-list-tests */ = {
			isa = PBXNativeTarget;
			buildConfigurationList = 3EE721DA1DFC080500EF99E1 /* Build configuration list for PBXNativeTarget "pxctest-list-tests" */;
			buildPhases = (
				3EE721D01DFC080500EF99E1 /* Sources */,
				3EE721D11DFC080500EF99E1 /* Frameworks */,
				3EE721D21DFC080500EF99E1 /* CopyFiles */,
				3EE721DD1DFC091600EF99E1 /* Codesign */,
			);
			buildRules = (
			);
			dependencies = (
			);
			name = "pxctest-list-tests";
			productName = "pxctest-list-tests";
			productReference = 3EE721D41DFC080500EF99E1 /* libpxctest-list-tests.dylib */;
			productType = "com.apple.product-type.library.static";
		};
/* End PBXNativeTarget section */

/* Begin PBXProject section */
		05BABC7A1DE56DDE0012BC5B /* Project object */ = {
			isa = PBXProject;
			attributes = {
				LastSwiftUpdateCheck = 0810;
				LastUpgradeCheck = 0820;
				ORGANIZATIONNAME = "Johannes Plunien";
				TargetAttributes = {
					05BABC811DE56DDE0012BC5B = {
						CreatedOnToolsVersion = 8.1;
						DevelopmentTeam = V5XAHL2VLY;
						ProvisioningStyle = Automatic;
					};
					05BABC911DE56E390012BC5B = {
						CreatedOnToolsVersion = 8.1;
						DevelopmentTeam = V5XAHL2VLY;
						LastSwiftMigration = 0820;
						ProvisioningStyle = Automatic;
					};
					05BABC991DE56E390012BC5B = {
						CreatedOnToolsVersion = 8.1;
						DevelopmentTeam = V5XAHL2VLY;
						ProvisioningStyle = Automatic;
					};
					3EE721D31DFC080500EF99E1 = {
						CreatedOnToolsVersion = 8.1;
						ProvisioningStyle = Automatic;
					};
				};
			};
			buildConfigurationList = 05BABC7D1DE56DDE0012BC5B /* Build configuration list for PBXProject "pxctest" */;
			compatibilityVersion = "Xcode 3.2";
			developmentRegion = English;
			hasScannedForEncodings = 0;
			knownRegions = (
				en,
				Base,
			);
			mainGroup = 05BABC791DE56DDE0012BC5B;
			productRefGroup = 05BABC831DE56DDE0012BC5B /* Products */;
			projectDirPath = "";
			projectReferences = (
				{
					ProductGroup = 3E8CC65F1DFB9F110098116E /* Products */;
					ProjectRef = 3E8CC65E1DFB9F110098116E /* Commander.xcodeproj */;
				},
				{
					ProductGroup = 05BABCBE1DE57DF40012BC5B /* Products */;
					ProjectRef = 05BABCBD1DE57DF40012BC5B /* FBSimulatorControl.xcodeproj */;
				},
			);
			projectRoot = "";
			targets = (
				05BABC811DE56DDE0012BC5B /* pxctest */,
				05BABC911DE56E390012BC5B /* PXCTestKit */,
				05BABC991DE56E390012BC5B /* PXCTestKitTests */,
				3EE721D31DFC080500EF99E1 /* pxctest-list-tests */,
			);
		};
/* End PBXProject section */

/* Begin PBXReferenceProxy section */
		05BABCC91DE57DF50012BC5B /* FBControlCore.framework */ = {
			isa = PBXReferenceProxy;
			fileType = wrapper.framework;
			path = FBControlCore.framework;
			remoteRef = 05BABCC81DE57DF50012BC5B /* PBXContainerItemProxy */;
			sourceTree = BUILT_PRODUCTS_DIR;
		};
		05BABCCB1DE57DF50012BC5B /* FBControlCoreTests.xctest */ = {
			isa = PBXReferenceProxy;
			fileType = wrapper.cfbundle;
			path = FBControlCoreTests.xctest;
			remoteRef = 05BABCCA1DE57DF50012BC5B /* PBXContainerItemProxy */;
			sourceTree = BUILT_PRODUCTS_DIR;
		};
		05BABCCD1DE57DF50012BC5B /* XCTestBootstrap.framework */ = {
			isa = PBXReferenceProxy;
			fileType = wrapper.framework;
			path = XCTestBootstrap.framework;
			remoteRef = 05BABCCC1DE57DF50012BC5B /* PBXContainerItemProxy */;
			sourceTree = BUILT_PRODUCTS_DIR;
		};
		05BABCCF1DE57DF50012BC5B /* XCTestBootstrapTests.xctest */ = {
			isa = PBXReferenceProxy;
			fileType = wrapper.cfbundle;
			path = XCTestBootstrapTests.xctest;
			remoteRef = 05BABCCE1DE57DF50012BC5B /* PBXContainerItemProxy */;
			sourceTree = BUILT_PRODUCTS_DIR;
		};
		05BABCD11DE57DF50012BC5B /* FBSimulatorControl.framework */ = {
			isa = PBXReferenceProxy;
			fileType = wrapper.framework;
			path = FBSimulatorControl.framework;
			remoteRef = 05BABCD01DE57DF50012BC5B /* PBXContainerItemProxy */;
			sourceTree = BUILT_PRODUCTS_DIR;
		};
		05BABCD31DE57DF50012BC5B /* FBSimulatorControlTests.xctest */ = {
			isa = PBXReferenceProxy;
			fileType = wrapper.cfbundle;
			path = FBSimulatorControlTests.xctest;
			remoteRef = 05BABCD21DE57DF50012BC5B /* PBXContainerItemProxy */;
			sourceTree = BUILT_PRODUCTS_DIR;
		};
		05BABCD51DE57DF50012BC5B /* FBDeviceControl.framework */ = {
			isa = PBXReferenceProxy;
			fileType = wrapper.framework;
			path = FBDeviceControl.framework;
			remoteRef = 05BABCD41DE57DF50012BC5B /* PBXContainerItemProxy */;
			sourceTree = BUILT_PRODUCTS_DIR;
		};
		05BABCD71DE57DF50012BC5B /* FBDeviceControlTests.xctest */ = {
			isa = PBXReferenceProxy;
			fileType = wrapper.cfbundle;
			path = FBDeviceControlTests.xctest;
			remoteRef = 05BABCD61DE57DF50012BC5B /* PBXContainerItemProxy */;
			sourceTree = BUILT_PRODUCTS_DIR;
		};
		3E8CC6671DFB9F110098116E /* Commander.framework */ = {
			isa = PBXReferenceProxy;
			fileType = wrapper.framework;
			path = Commander.framework;
			remoteRef = 3E8CC6661DFB9F110098116E /* PBXContainerItemProxy */;
			sourceTree = BUILT_PRODUCTS_DIR;
		};
		3ECD52001E04D7A700183EE4 /* Spectre.framework */ = {
			isa = PBXReferenceProxy;
			fileType = wrapper.framework;
			path = Spectre.framework;
			remoteRef = 3ECD51FF1E04D7A700183EE4 /* PBXContainerItemProxy */;
			sourceTree = BUILT_PRODUCTS_DIR;
		};
		3ECD52021E04D7A700183EE4 /* CommanderTests.xctest */ = {
			isa = PBXReferenceProxy;
			fileType = file;
			path = CommanderTests.xctest;
			remoteRef = 3ECD52011E04D7A700183EE4 /* PBXContainerItemProxy */;
			sourceTree = BUILT_PRODUCTS_DIR;
		};
/* End PBXReferenceProxy section */

/* Begin PBXResourcesBuildPhase section */
		05BABC901DE56E390012BC5B /* Resources */ = {
			isa = PBXResourcesBuildPhase;
			buildActionMask = 2147483647;
			files = (
			);
			runOnlyForDeploymentPostprocessing = 0;
		};
		05BABC981DE56E390012BC5B /* Resources */ = {
			isa = PBXResourcesBuildPhase;
			buildActionMask = 2147483647;
			files = (
				050760001E26004E0044D0FF /* Crash_iphonesimulator10.2-x86_64.xctestrun in Resources */,
				05B6EC1F1DEEFBD0008CBBEE /* testSampleAppTestRunRunWithAllTargetsAndJSONReporter.expected_output in Resources */,
				05B6EC0D1DEEF90B008CBBEE /* testSampleAppTestRunOnlyOneTarget.expected_output in Resources */,
				05BE2F911E067EFC0097B23D /* testListSampleAppTests.expected_output in Resources */,
				3EFC1B9F1DF26FEF0011E88B /* Crash.app in Resources */,
				059CF2391E3A043600FFCE30 /* runtime.json in Resources */,
				05BC2B501DEABC5A00ED3F58 /* SampleUITests-Runner.app in Resources */,
				050760011E26004E0044D0FF /* Sample_iphonesimulator10.2-x86_64.xctestrun in Resources */,
				058FD55C1DEAD7350066CE4B /* testSampleAppTestRunOnlySuccessfulTests.expected_output in Resources */,
				05BC2B2C1DEAB9EB00ED3F58 /* build.sh in Resources */,
				058FD55A1DEAC8490066CE4B /* testSampleAppTestRunOnlyFailingTests.expected_output in Resources */,
				05BC2B4F1DEABC5A00ED3F58 /* Sample.app in Resources */,
			);
			runOnlyForDeploymentPostprocessing = 0;
		};
/* End PBXResourcesBuildPhase section */

/* Begin PBXShellScriptBuildPhase section */
		0554B69C1E078A7300299699 /* Build pxctest-list-tests */ = {
			isa = PBXShellScriptBuildPhase;
			buildActionMask = 2147483647;
			files = (
			);
			inputPaths = (
			);
			name = "Build pxctest-list-tests";
			outputPaths = (
			);
			runOnlyForDeploymentPostprocessing = 0;
			shellPath = /bin/sh;
			shellScript = "xcodebuild -scheme pxctest-list-tests -sdk iphonesimulator build";
		};
		05F5ADF81DF95A8F00F7E51C /* Set GIT_COMMIT */ = {
			isa = PBXShellScriptBuildPhase;
			buildActionMask = 2147483647;
			files = (
			);
			inputPaths = (
			);
			name = "Set GIT_COMMIT";
			outputPaths = (
			);
			runOnlyForDeploymentPostprocessing = 0;
			shellPath = /bin/sh;
			shellScript = "/usr/libexec/PlistBuddy -c \"Set :GIT_COMMIT $(git rev-parse --short HEAD)\" \"${BUILT_PRODUCTS_DIR}/${INFOPLIST_PATH}\"";
		};
		3EE721DD1DFC091600EF99E1 /* Codesign */ = {
			isa = PBXShellScriptBuildPhase;
			buildActionMask = 2147483647;
			files = (
			);
			inputPaths = (
			);
			name = Codesign;
			outputPaths = (
			);
			runOnlyForDeploymentPostprocessing = 0;
			shellPath = /bin/sh;
			shellScript = "codesign --force --sign - --timestamp=none \"${CODESIGNING_FOLDER_PATH}\"";
		};
/* End PBXShellScriptBuildPhase section */

/* Begin PBXSourcesBuildPhase section */
		05BABC7E1DE56DDE0012BC5B /* Sources */ = {
			isa = PBXSourcesBuildPhase;
			buildActionMask = 2147483647;
			files = (
				05BABC861DE56DDE0012BC5B /* main.m in Sources */,
			);
			runOnlyForDeploymentPostprocessing = 0;
		};
		05BABC8D1DE56E390012BC5B /* Sources */ = {
			isa = PBXSourcesBuildPhase;
			buildActionMask = 2147483647;
			files = (
				05E1E3411E3DB140004F67B8 /* TestReporter.swift in Sources */,
				3EBFCB131E14C7D2007C22C4 /* RunTestsReporters.swift in Sources */,
				059CF22C1E39F7E200FFCE30 /* RunTestsPartition.swift in Sources */,
				0541E15D1DE5A02C00D65F16 /* RSpecReporter.swift in Sources */,
				05E1E3671E3DCD52004F67B8 /* TestReporterInterface.swift in Sources */,
				05564E111DF65BE500DC995C /* FBSimulatorInteraction+PXCTestKit.swift in Sources */,
				3E3512CA1E29F14700EC47FE /* SimulatorLogFile.swift in Sources */,
				05B2CA351DEBE94F00795F07 /* Environment.swift in Sources */,
				3EBFCB0C1E14C739007C22C4 /* ListTestsCommand.swift in Sources */,
				05F650C11E2B84B8007330D4 /* ListTestsShim.swift in Sources */,
				05E1B3011DE7066E00C38DB1 /* OnlyOption.swift in Sources */,
				3EBFCB171E14D2A6007C22C4 /* NotificationSender.swift in Sources */,
				0597DC181E0123F800968469 /* Context.swift in Sources */,
				0515A4921DF7C12F00D2F855 /* FBSimulatorControl+PXCTestKit.swift in Sources */,
				05BABCEC1DE582BC0012BC5B /* ExistingFileURLOption.swift in Sources */,
				050207091DED8BFC00AB14FB /* ReporterOption.swift in Sources */,
				3EBFCB121E14C7D2007C22C4 /* RunTestsFileManager.swift in Sources */,
				05BABCF11DE586B10012BC5B /* DestinationOption.swift in Sources */,
				05E3DE741DED574B005A1459 /* ConsoleReporter.swift in Sources */,
				3E4CA7141DFBCA90005216A3 /* ConsoleOutput.swift in Sources */,
				05E1E2E81E3B4199004F67B8 /* TestRuntimeRecord.swift in Sources */,
				3E4CA7121DFBCA90005216A3 /* ANSI.swift in Sources */,
				05BABCED1DE582BC0012BC5B /* FileURLOption.swift in Sources */,
				05BABCAC1DE56E9A0012BC5B /* CommandLineInterface.swift in Sources */,
				05E1E35C1E3DCC34004F67B8 /* TestReporterAdapter.swift in Sources */,
				05E1E3231E3DA76D004F67B8 /* String+PXCTestKit.swift in Sources */,
				3E4CA70B1DFBCA5B005216A3 /* SignalHandler.swift in Sources */,
				3EBFCB0D1E14C739007C22C4 /* RunTestsCommand.swift in Sources */,
				3EBFCB0E1E14C739007C22C4 /* RunTestsError.swift in Sources */,
				05E3DE6E1DED319D005A1459 /* Command.swift in Sources */,
				3E4CA7131DFBCA90005216A3 /* ConsoleErrorFormatter.swift in Sources */,
				3EBFCB0B1E14C739007C22C4 /* BootSimulatorsCommand.swift in Sources */,
				05E1E2FA1E3D8D8A004F67B8 /* Array+PXCTestKit.swift in Sources */,
				0511CB501DF3F550009B8B2F /* FBSimulator+PXCTestKit.swift in Sources */,
				3EBFCB151E14D282007C22C4 /* RunTestsNotification.swift in Sources */,
				050278241E35BB7F00692D96 /* RunTestsPool.swift in Sources */,
				3EBFCB0F1E14C739007C22C4 /* RunTestsWorker.swift in Sources */,
				05E1B2FB1DE6F62A00C38DB1 /* Locale.swift in Sources */,
				055DCD6E1DF035AE00BB6B82 /* XcodeReporter.swift in Sources */,
				3E4CA6EF1DFBBA22005216A3 /* Int+PXCTestKit.swift in Sources */,
				05E3DE761DED58ED005A1459 /* JSONReporter.swift in Sources */,
				3E3512D41E2A122500EC47FE /* SimulatorOptions.swift in Sources */,
				05E1B2FF1DE6FD8F00C38DB1 /* DefaultsOption.swift in Sources */,
			);
			runOnlyForDeploymentPostprocessing = 0;
		};
		05BABC961DE56E390012BC5B /* Sources */ = {
			isa = PBXSourcesBuildPhase;
			buildActionMask = 2147483647;
			files = (
				05E1E2F41E3C5639004F67B8 /* TestReporterTests.swift in Sources */,
				0527C52C1E27A8B3007AC09C /* TestConsoleOutput.swift in Sources */,
				05B2CA371DEBEA1F00795F07 /* EnvironmentTests.swift in Sources */,
				0527C59C1E27AA0F007AC09C /* RunTestsCommandTests.swift in Sources */,
				3E9D461F1DFA507F006DDB10 /* ConsoleOutputTests.swift in Sources */,
				059CF2371E3A03CA00FFCE30 /* RunTestsPartitionTests.swift in Sources */,
				0527C5331E27A9B0007AC09C /* DestinationOptionTests.swift in Sources */,
				0527C5341E27A9B0007AC09C /* OnlyOptionTests.swift in Sources */,
				0527C5941E27A9FC007AC09C /* Fixtures.swift in Sources */,
				050278341E35D21C00692D96 /* ArrayExtensionTests.swift in Sources */,
				0527C59E1E27AA0F007AC09C /* RunTestsFileManagerTests.swift in Sources */,
				0527C52E1E27A96E007AC09C /* XCTestCase+PXCTestKit.swift in Sources */,
				05E1E33F1E3DACE3004F67B8 /* StringExtensionTests.swift in Sources */,
				0527C59D1E27AA0F007AC09C /* RunTestsNotificationTests.swift in Sources */,
				0527C59B1E27AA0F007AC09C /* ListTestsCommandTests.swift in Sources */,
				3E3512D21E2A0DA800EC47FE /* SimulatorLogFileTests.swift in Sources */,
			);
			runOnlyForDeploymentPostprocessing = 0;
		};
		3EE721D01DFC080500EF99E1 /* Sources */ = {
			isa = PBXSourcesBuildPhase;
			buildActionMask = 2147483647;
			files = (
				3ECD52091E0533F700183EE4 /* JRSwizzle.m in Sources */,
				3EE721D81DFC080500EF99E1 /* main.m in Sources */,
			);
			runOnlyForDeploymentPostprocessing = 0;
		};
/* End PBXSourcesBuildPhase section */

/* Begin PBXTargetDependency section */
		05BABC9D1DE56E390012BC5B /* PBXTargetDependency */ = {
			isa = PBXTargetDependency;
			target = 05BABC911DE56E390012BC5B /* PXCTestKit */;
			targetProxy = 05BABC9C1DE56E390012BC5B /* PBXContainerItemProxy */;
		};
		05BABCAA1DE56E810012BC5B /* PBXTargetDependency */ = {
			isa = PBXTargetDependency;
			target = 05BABC911DE56E390012BC5B /* PXCTestKit */;
			targetProxy = 05BABCA91DE56E810012BC5B /* PBXContainerItemProxy */;
		};
		05BABCD91DE57E050012BC5B /* PBXTargetDependency */ = {
			isa = PBXTargetDependency;
			name = Spectre;
		};
		05BABCE11DE57E050012BC5B /* PBXTargetDependency */ = {
			isa = PBXTargetDependency;
			name = FBSimulatorControl;
			targetProxy = 05BABCE01DE57E050012BC5B /* PBXContainerItemProxy */;
		};
		3E8CC66F1DFB9F4B0098116E /* PBXTargetDependency */ = {
			isa = PBXTargetDependency;
			name = Commander;
			targetProxy = 3E8CC66E1DFB9F4B0098116E /* PBXContainerItemProxy */;
		};
/* End PBXTargetDependency section */

/* Begin XCBuildConfiguration section */
		05BABC871DE56DDE0012BC5B /* Debug */ = {
			isa = XCBuildConfiguration;
			buildSettings = {
				ALWAYS_SEARCH_USER_PATHS = NO;
				CLANG_ANALYZER_NONNULL = YES;
				CLANG_CXX_LANGUAGE_STANDARD = "gnu++0x";
				CLANG_CXX_LIBRARY = "libc++";
				CLANG_ENABLE_MODULES = YES;
				CLANG_ENABLE_OBJC_ARC = YES;
				CLANG_WARN_BOOL_CONVERSION = YES;
				CLANG_WARN_CONSTANT_CONVERSION = YES;
				CLANG_WARN_DIRECT_OBJC_ISA_USAGE = YES_ERROR;
				CLANG_WARN_DOCUMENTATION_COMMENTS = YES;
				CLANG_WARN_EMPTY_BODY = YES;
				CLANG_WARN_ENUM_CONVERSION = YES;
				CLANG_WARN_INFINITE_RECURSION = YES;
				CLANG_WARN_INT_CONVERSION = YES;
				CLANG_WARN_OBJC_ROOT_CLASS = YES_ERROR;
				CLANG_WARN_SUSPICIOUS_MOVE = YES;
				CLANG_WARN_SUSPICIOUS_MOVES = YES;
				CLANG_WARN_UNREACHABLE_CODE = YES;
				CLANG_WARN__DUPLICATE_METHOD_MATCH = YES;
				CODE_SIGN_IDENTITY = "-";
				COPY_PHASE_STRIP = NO;
				ENABLE_STRICT_OBJC_MSGSEND = YES;
				GCC_C_LANGUAGE_STANDARD = gnu99;
				GCC_DYNAMIC_NO_PIC = NO;
				GCC_NO_COMMON_BLOCKS = YES;
				GCC_OPTIMIZATION_LEVEL = 0;
				GCC_PREPROCESSOR_DEFINITIONS = (
					"DEBUG=1",
					"$(inherited)",
				);
				GCC_WARN_64_TO_32_BIT_CONVERSION = YES;
				GCC_WARN_ABOUT_RETURN_TYPE = YES_ERROR;
				GCC_WARN_UNDECLARED_SELECTOR = YES;
				GCC_WARN_UNINITIALIZED_AUTOS = YES_AGGRESSIVE;
				GCC_WARN_UNUSED_FUNCTION = YES;
				GCC_WARN_UNUSED_VARIABLE = YES;
				IPHONEOS_DEPLOYMENT_TARGET = 9.0;
				MACOSX_DEPLOYMENT_TARGET = 10.10;
				MTL_ENABLE_DEBUG_INFO = YES;
			};
			name = Debug;
		};
		05BABC881DE56DDE0012BC5B /* Release */ = {
			isa = XCBuildConfiguration;
			buildSettings = {
				ALWAYS_SEARCH_USER_PATHS = NO;
				CLANG_ANALYZER_NONNULL = YES;
				CLANG_CXX_LANGUAGE_STANDARD = "gnu++0x";
				CLANG_CXX_LIBRARY = "libc++";
				CLANG_ENABLE_MODULES = YES;
				CLANG_ENABLE_OBJC_ARC = YES;
				CLANG_WARN_BOOL_CONVERSION = YES;
				CLANG_WARN_CONSTANT_CONVERSION = YES;
				CLANG_WARN_DIRECT_OBJC_ISA_USAGE = YES_ERROR;
				CLANG_WARN_DOCUMENTATION_COMMENTS = YES;
				CLANG_WARN_EMPTY_BODY = YES;
				CLANG_WARN_ENUM_CONVERSION = YES;
				CLANG_WARN_INFINITE_RECURSION = YES;
				CLANG_WARN_INT_CONVERSION = YES;
				CLANG_WARN_OBJC_ROOT_CLASS = YES_ERROR;
				CLANG_WARN_SUSPICIOUS_MOVE = YES;
				CLANG_WARN_SUSPICIOUS_MOVES = YES;
				CLANG_WARN_UNREACHABLE_CODE = YES;
				CLANG_WARN__DUPLICATE_METHOD_MATCH = YES;
				CODE_SIGN_IDENTITY = "-";
				COPY_PHASE_STRIP = NO;
				ENABLE_NS_ASSERTIONS = NO;
				ENABLE_STRICT_OBJC_MSGSEND = YES;
				GCC_C_LANGUAGE_STANDARD = gnu99;
				GCC_NO_COMMON_BLOCKS = YES;
				GCC_WARN_64_TO_32_BIT_CONVERSION = YES;
				GCC_WARN_ABOUT_RETURN_TYPE = YES_ERROR;
				GCC_WARN_UNDECLARED_SELECTOR = YES;
				GCC_WARN_UNINITIALIZED_AUTOS = YES_AGGRESSIVE;
				GCC_WARN_UNUSED_FUNCTION = YES;
				GCC_WARN_UNUSED_VARIABLE = YES;
				IPHONEOS_DEPLOYMENT_TARGET = 9.0;
				MACOSX_DEPLOYMENT_TARGET = 10.10;
				MTL_ENABLE_DEBUG_INFO = NO;
				SWIFT_OPTIMIZATION_LEVEL = "-Owholemodule";
			};
			name = Release;
		};
		05BABC8A1DE56DDE0012BC5B /* Debug */ = {
			isa = XCBuildConfiguration;
			baseConfigurationReference = 05BABC8C1DE56E070012BC5B /* pxctest.xcconfig */;
			buildSettings = {
			};
			name = Debug;
		};
		05BABC8B1DE56DDE0012BC5B /* Release */ = {
			isa = XCBuildConfiguration;
			baseConfigurationReference = 05BABC8C1DE56E070012BC5B /* pxctest.xcconfig */;
			buildSettings = {
			};
			name = Release;
		};
		05BABCA41DE56E390012BC5B /* Debug */ = {
			isa = XCBuildConfiguration;
			baseConfigurationReference = 053634A11DE7E0F400F7BDB8 /* PXCTestKit.xcconfig */;
			buildSettings = {
				CLANG_ENABLE_MODULES = YES;
				DEFINES_MODULE = YES;
				FRAMEWORK_SEARCH_PATHS = (
					"$(inherited)",
					"$(PROJECT_DIR)/Dependencies",
				);
				LD_RUNPATH_SEARCH_PATHS = "$(inherited) @executable_path/../Frameworks @loader_path/Frameworks";
				LIBRARY_SEARCH_PATHS = (
					"$(inherited)",
					"$(SDKROOT)/usr/lib/system",
				);
				SWIFT_VERSION = 3.0;
			};
			name = Debug;
		};
		05BABCA51DE56E390012BC5B /* Release */ = {
			isa = XCBuildConfiguration;
			baseConfigurationReference = 053634A11DE7E0F400F7BDB8 /* PXCTestKit.xcconfig */;
			buildSettings = {
				CLANG_ENABLE_MODULES = YES;
				DEFINES_MODULE = YES;
				FRAMEWORK_SEARCH_PATHS = (
					"$(inherited)",
					"$(PROJECT_DIR)/Dependencies",
				);
				LD_RUNPATH_SEARCH_PATHS = "$(inherited) @executable_path/../Frameworks @loader_path/Frameworks";
				LIBRARY_SEARCH_PATHS = (
					"$(inherited)",
					"$(SDKROOT)/usr/lib/system",
				);
				SWIFT_VERSION = 3.0;
			};
			name = Release;
		};
		05BABCA71DE56E390012BC5B /* Debug */ = {
			isa = XCBuildConfiguration;
			baseConfigurationReference = 0554B6B71E07923500299699 /* PXCTestKitTests.xcconfig */;
			buildSettings = {
				SWIFT_VERSION = 3.0;
			};
			name = Debug;
		};
		05BABCA81DE56E390012BC5B /* Release */ = {
			isa = XCBuildConfiguration;
			baseConfigurationReference = 0554B6B71E07923500299699 /* PXCTestKitTests.xcconfig */;
			buildSettings = {
				SWIFT_VERSION = 3.0;
			};
			name = Release;
		};
		3EE721DB1DFC080500EF99E1 /* Debug */ = {
			isa = XCBuildConfiguration;
			baseConfigurationReference = 0554B6B91E07925B00299699 /* pxctest-list-tests.xcconfig */;
			buildSettings = {
			};
			name = Debug;
		};
		3EE721DC1DFC080500EF99E1 /* Release */ = {
			isa = XCBuildConfiguration;
			baseConfigurationReference = 0554B6B91E07925B00299699 /* pxctest-list-tests.xcconfig */;
			buildSettings = {
			};
			name = Release;
		};
/* End XCBuildConfiguration section */

/* Begin XCConfigurationList section */
		05BABC7D1DE56DDE0012BC5B /* Build configuration list for PBXProject "pxctest" */ = {
			isa = XCConfigurationList;
			buildConfigurations = (
				05BABC871DE56DDE0012BC5B /* Debug */,
				05BABC881DE56DDE0012BC5B /* Release */,
			);
			defaultConfigurationIsVisible = 0;
			defaultConfigurationName = Release;
		};
		05BABC891DE56DDE0012BC5B /* Build configuration list for PBXNativeTarget "pxctest" */ = {
			isa = XCConfigurationList;
			buildConfigurations = (
				05BABC8A1DE56DDE0012BC5B /* Debug */,
				05BABC8B1DE56DDE0012BC5B /* Release */,
			);
			defaultConfigurationIsVisible = 0;
			defaultConfigurationName = Release;
		};
		05BABCA31DE56E390012BC5B /* Build configuration list for PBXNativeTarget "PXCTestKit" */ = {
			isa = XCConfigurationList;
			buildConfigurations = (
				05BABCA41DE56E390012BC5B /* Debug */,
				05BABCA51DE56E390012BC5B /* Release */,
			);
			defaultConfigurationIsVisible = 0;
			defaultConfigurationName = Release;
		};
		05BABCA61DE56E390012BC5B /* Build configuration list for PBXNativeTarget "PXCTestKitTests" */ = {
			isa = XCConfigurationList;
			buildConfigurations = (
				05BABCA71DE56E390012BC5B /* Debug */,
				05BABCA81DE56E390012BC5B /* Release */,
			);
			defaultConfigurationIsVisible = 0;
			defaultConfigurationName = Release;
		};
		3EE721DA1DFC080500EF99E1 /* Build configuration list for PBXNativeTarget "pxctest-list-tests" */ = {
			isa = XCConfigurationList;
			buildConfigurations = (
				3EE721DB1DFC080500EF99E1 /* Debug */,
				3EE721DC1DFC080500EF99E1 /* Release */,
			);
			defaultConfigurationIsVisible = 0;
			defaultConfigurationName = Release;
		};
/* End XCConfigurationList section */
	};
	rootObject = 05BABC7A1DE56DDE0012BC5B /* Project object */;
}
