// !$*UTF8*$!
{
	archiveVersion = 1;
	classes = {
	};
	objectVersion = 46;
	objects = {

/* Begin PBXBuildFile section */
		3EFC1B761DF26E190011E88B /* main.m in Sources */ = {isa = PBXBuildFile; fileRef = 3EFC1B751DF26E190011E88B /* main.m */; };
		3EFC1B791DF26E190011E88B /* AppDelegate.m in Sources */ = {isa = PBXBuildFile; fileRef = 3EFC1B781DF26E190011E88B /* AppDelegate.m */; };
		3EFC1B8F1DF26E190011E88B /* CrashTests.m in Sources */ = {isa = PBXBuildFile; fileRef = 3EFC1B8E1DF26E190011E88B /* CrashTests.m */; };
		3EFC1B9B1DF26E8D0011E88B /* Thing.m in Sources */ = {isa = PBXBuildFile; fileRef = 3EFC1B9A1DF26E8D0011E88B /* Thing.m */; };
/* End PBXBuildFile section */

/* Begin PBXContainerItemProxy section */
		3EFC1B8B1DF26E190011E88B /* PBXContainerItemProxy */ = {
			isa = PBXContainerItemProxy;
			containerPortal = 3EFC1B691DF26E190011E88B /* Project object */;
			proxyType = 1;
			remoteGlobalIDString = 3EFC1B701DF26E190011E88B;
			remoteInfo = Crash;
		};
/* End PBXContainerItemProxy section */

/* Begin PBXFileReference section */
		3EFC1B711DF26E190011E88B /* Crash.app */ = {isa = PBXFileReference; explicitFileType = wrapper.application; includeInIndex = 0; path = Crash.app; sourceTree = BUILT_PRODUCTS_DIR; };
		3EFC1B751DF26E190011E88B /* main.m */ = {isa = PBXFileReference; lastKnownFileType = sourcecode.c.objc; path = main.m; sourceTree = "<group>"; };
		3EFC1B771DF26E190011E88B /* AppDelegate.h */ = {isa = PBXFileReference; lastKnownFileType = sourcecode.c.h; path = AppDelegate.h; sourceTree = "<group>"; };
		3EFC1B781DF26E190011E88B /* AppDelegate.m */ = {isa = PBXFileReference; lastKnownFileType = sourcecode.c.objc; path = AppDelegate.m; sourceTree = "<group>"; };
		3EFC1B851DF26E190011E88B /* Info.plist */ = {isa = PBXFileReference; lastKnownFileType = text.plist.xml; path = Info.plist; sourceTree = "<group>"; };
		3EFC1B8A1DF26E190011E88B /* CrashTests.xctest */ = {isa = PBXFileReference; explicitFileType = wrapper.cfbundle; includeInIndex = 0; path = CrashTests.xctest; sourceTree = BUILT_PRODUCTS_DIR; };
		3EFC1B8E1DF26E190011E88B /* CrashTests.m */ = {isa = PBXFileReference; lastKnownFileType = sourcecode.c.objc; path = CrashTests.m; sourceTree = "<group>"; };
		3EFC1B901DF26E190011E88B /* Info.plist */ = {isa = PBXFileReference; lastKnownFileType = text.plist.xml; path = Info.plist; sourceTree = "<group>"; };
		3EFC1B991DF26E8D0011E88B /* Thing.h */ = {isa = PBXFileReference; fileEncoding = 4; lastKnownFileType = sourcecode.c.h; path = Thing.h; sourceTree = "<group>"; };
		3EFC1B9A1DF26E8D0011E88B /* Thing.m */ = {isa = PBXFileReference; fileEncoding = 4; lastKnownFileType = sourcecode.c.objc; path = Thing.m; sourceTree = "<group>"; };
/* End PBXFileReference section */

/* Begin PBXFrameworksBuildPhase section */
		3EFC1B6E1DF26E190011E88B /* Frameworks */ = {
			isa = PBXFrameworksBuildPhase;
			buildActionMask = 2147483647;
			files = (
			);
			runOnlyForDeploymentPostprocessing = 0;
		};
		3EFC1B871DF26E190011E88B /* Frameworks */ = {
			isa = PBXFrameworksBuildPhase;
			buildActionMask = 2147483647;
			files = (
			);
			runOnlyForDeploymentPostprocessing = 0;
		};
/* End PBXFrameworksBuildPhase section */

/* Begin PBXGroup section */
		3EFC1B681DF26E190011E88B = {
			isa = PBXGroup;
			children = (
				3EFC1B731DF26E190011E88B /* Crash */,
				3EFC1B8D1DF26E190011E88B /* CrashTests */,
				3EFC1B721DF26E190011E88B /* Products */,
			);
			sourceTree = "<group>";
		};
		3EFC1B721DF26E190011E88B /* Products */ = {
			isa = PBXGroup;
			children = (
				3EFC1B711DF26E190011E88B /* Crash.app */,
				3EFC1B8A1DF26E190011E88B /* CrashTests.xctest */,
			);
			name = Products;
			sourceTree = "<group>";
		};
		3EFC1B731DF26E190011E88B /* Crash */ = {
			isa = PBXGroup;
			children = (
				3EFC1B771DF26E190011E88B /* AppDelegate.h */,
				3EFC1B781DF26E190011E88B /* AppDelegate.m */,
				3EFC1B851DF26E190011E88B /* Info.plist */,
				3EFC1B741DF26E190011E88B /* Supporting Files */,
				3EFC1B991DF26E8D0011E88B /* Thing.h */,
				3EFC1B9A1DF26E8D0011E88B /* Thing.m */,
			);
			path = Crash;
			sourceTree = "<group>";
		};
		3EFC1B741DF26E190011E88B /* Supporting Files */ = {
			isa = PBXGroup;
			children = (
				3EFC1B751DF26E190011E88B /* main.m */,
			);
			name = "Supporting Files";
			sourceTree = "<group>";
		};
		3EFC1B8D1DF26E190011E88B /* CrashTests */ = {
			isa = PBXGroup;
			children = (
				3EFC1B8E1DF26E190011E88B /* CrashTests.m */,
				3EFC1B901DF26E190011E88B /* Info.plist */,
			);
			path = CrashTests;
			sourceTree = "<group>";
		};
/* End PBXGroup section */

/* Begin PBXNativeTarget section */
		3EFC1B701DF26E190011E88B /* Crash */ = {
			isa = PBXNativeTarget;
			buildConfigurationList = 3EFC1B931DF26E190011E88B /* Build configuration list for PBXNativeTarget "Crash" */;
			buildPhases = (
				3EFC1B6D1DF26E190011E88B /* Sources */,
				3EFC1B6E1DF26E190011E88B /* Frameworks */,
				3EFC1B6F1DF26E190011E88B /* Resources */,
			);
			buildRules = (
			);
			dependencies = (
			);
			name = Crash;
			productName = Crash;
			productReference = 3EFC1B711DF26E190011E88B /* Crash.app */;
			productType = "com.apple.product-type.application";
		};
		3EFC1B891DF26E190011E88B /* CrashTests */ = {
			isa = PBXNativeTarget;
			buildConfigurationList = 3EFC1B961DF26E190011E88B /* Build configuration list for PBXNativeTarget "CrashTests" */;
			buildPhases = (
				3EFC1B861DF26E190011E88B /* Sources */,
				3EFC1B871DF26E190011E88B /* Frameworks */,
				3EFC1B881DF26E190011E88B /* Resources */,
			);
			buildRules = (
			);
			dependencies = (
				3EFC1B8C1DF26E190011E88B /* PBXTargetDependency */,
			);
			name = CrashTests;
			productName = CrashTests;
			productReference = 3EFC1B8A1DF26E190011E88B /* CrashTests.xctest */;
			productType = "com.apple.product-type.bundle.unit-test";
		};
/* End PBXNativeTarget section */

/* Begin PBXProject section */
		3EFC1B691DF26E190011E88B /* Project object */ = {
			isa = PBXProject;
			attributes = {
				LastUpgradeCheck = 0820;
				ORGANIZATIONNAME = "Johannes Plunien";
				TargetAttributes = {
					3EFC1B701DF26E190011E88B = {
						CreatedOnToolsVersion = 8.1;
						DevelopmentTeam = V5XAHL2VLY;
						ProvisioningStyle = Automatic;
					};
					3EFC1B891DF26E190011E88B = {
						CreatedOnToolsVersion = 8.1;
						DevelopmentTeam = V5XAHL2VLY;
						ProvisioningStyle = Automatic;
						TestTargetID = 3EFC1B701DF26E190011E88B;
					};
				};
			};
			buildConfigurationList = 3EFC1B6C1DF26E190011E88B /* Build configuration list for PBXProject "Crash" */;
			compatibilityVersion = "Xcode 3.2";
			developmentRegion = English;
			hasScannedForEncodings = 0;
			knownRegions = (
				en,
				Base,
			);
			mainGroup = 3EFC1B681DF26E190011E88B;
			productRefGroup = 3EFC1B721DF26E190011E88B /* Products */;
			projectDirPath = "";
			projectRoot = "";
			targets = (
				3EFC1B701DF26E190011E88B /* Crash */,
				3EFC1B891DF26E190011E88B /* CrashTests */,
			);
		};
/* End PBXProject section */

/* Begin PBXResourcesBuildPhase section */
		3EFC1B6F1DF26E190011E88B /* Resources */ = {
			isa = PBXResourcesBuildPhase;
			buildActionMask = 2147483647;
			files = (
			);
			runOnlyForDeploymentPostprocessing = 0;
		};
		3EFC1B881DF26E190011E88B /* Resources */ = {
			isa = PBXResourcesBuildPhase;
			buildActionMask = 2147483647;
			files = (
			);
			runOnlyForDeploymentPostprocessing = 0;
		};
/* End PBXResourcesBuildPhase section */

/* Begin PBXSourcesBuildPhase section */
		3EFC1B6D1DF26E190011E88B /* Sources */ = {
			isa = PBXSourcesBuildPhase;
			buildActionMask = 2147483647;
			files = (
				3EFC1B9B1DF26E8D0011E88B /* Thing.m in Sources */,
				3EFC1B791DF26E190011E88B /* AppDelegate.m in Sources */,
				3EFC1B761DF26E190011E88B /* main.m in Sources */,
			);
			runOnlyForDeploymentPostprocessing = 0;
		};
		3EFC1B861DF26E190011E88B /* Sources */ = {
			isa = PBXSourcesBuildPhase;
			buildActionMask = 2147483647;
			files = (
				3EFC1B8F1DF26E190011E88B /* CrashTests.m in Sources */,
			);
			runOnlyForDeploymentPostprocessing = 0;
		};
/* End PBXSourcesBuildPhase section */

/* Begin PBXTargetDependency section */
		3EFC1B8C1DF26E190011E88B /* PBXTargetDependency */ = {
			isa = PBXTargetDependency;
			target = 3EFC1B701DF26E190011E88B /* Crash */;
			targetProxy = 3EFC1B8B1DF26E190011E88B /* PBXContainerItemProxy */;
		};
/* End PBXTargetDependency section */

/* Begin XCBuildConfiguration section */
		3EFC1B911DF26E190011E88B /* Debug */ = {
			isa = XCBuildConfiguration;
			buildSettings = {
				ALWAYS_SEARCH_USER_PATHS = NO;
				CLANG_ANALYZER_NONNULL = YES;
				CLANG_CXX_LANGUAGE_STANDARD = "gnu++0x";
				CLANG_CXX_LIBRARY = "libc++";
				CLANG_ENABLE_MODULES = YES;
				CLANG_ENABLE_OBJC_ARC = YES;
				CLANG_WARN_BOOL_CONVERSION = YES;
				CLANG_WARN_CONSTANT_CONVERSION = YES;
				CLANG_WARN_DIRECT_OBJC_ISA_USAGE = YES_ERROR;
				CLANG_WARN_DOCUMENTATION_COMMENTS = YES;
				CLANG_WARN_EMPTY_BODY = YES;
				CLANG_WARN_ENUM_CONVERSION = YES;
				CLANG_WARN_INFINITE_RECURSION = YES;
				CLANG_WARN_INT_CONVERSION = YES;
				CLANG_WARN_OBJC_ROOT_CLASS = YES_ERROR;
				CLANG_WARN_SUSPICIOUS_MOVE = YES;
				CLANG_WARN_SUSPICIOUS_MOVES = YES;
				CLANG_WARN_UNREACHABLE_CODE = YES;
				CLANG_WARN__DUPLICATE_METHOD_MATCH = YES;
				COPY_PHASE_STRIP = NO;
				DEBUG_INFORMATION_FORMAT = dwarf;
				ENABLE_STRICT_OBJC_MSGSEND = YES;
				ENABLE_TESTABILITY = YES;
				GCC_C_LANGUAGE_STANDARD = gnu99;
				GCC_DYNAMIC_NO_PIC = NO;
				GCC_NO_COMMON_BLOCKS = YES;
				GCC_OPTIMIZATION_LEVEL = 0;
				GCC_PREPROCESSOR_DEFINITIONS = (
					"DEBUG=1",
					"$(inherited)",
				);
				GCC_WARN_64_TO_32_BIT_CONVERSION = YES;
				GCC_WARN_ABOUT_RETURN_TYPE = YES_ERROR;
				GCC_WARN_UNDECLARED_SELECTOR = YES;
				GCC_WARN_UNINITIALIZED_AUTOS = YES_AGGRESSIVE;
				GCC_WARN_UNUSED_FUNCTION = YES;
				GCC_WARN_UNUSED_VARIABLE = YES;
				IPHONEOS_DEPLOYMENT_TARGET = 8.4;
				MTL_ENABLE_DEBUG_INFO = YES;
				ONLY_ACTIVE_ARCH = YES;
				SDKROOT = iphoneos;
			};
			name = Debug;
		};
		3EFC1B921DF26E190011E88B /* Release */ = {
			isa = XCBuildConfiguration;
			buildSettings = {
				ALWAYS_SEARCH_USER_PATHS = NO;
				CLANG_ANALYZER_NONNULL = YES;
				CLANG_CXX_LANGUAGE_STANDARD = "gnu++0x";
				CLANG_CXX_LIBRARY = "libc++";
				CLANG_ENABLE_MODULES = YES;
				CLANG_ENABLE_OBJC_ARC = YES;
				CLANG_WARN_BOOL_CONVERSION = YES;
				CLANG_WARN_CONSTANT_CONVERSION = YES;
				CLANG_WARN_DIRECT_OBJC_ISA_USAGE = YES_ERROR;
				CLANG_WARN_DOCUMENTATION_COMMENTS = YES;
				CLANG_WARN_EMPTY_BODY = YES;
				CLANG_WARN_ENUM_CONVERSION = YES;
				CLANG_WARN_INFINITE_RECURSION = YES;
				CLANG_WARN_INT_CONVERSION = YES;
				CLANG_WARN_OBJC_ROOT_CLASS = YES_ERROR;
				CLANG_WARN_SUSPICIOUS_MOVE = YES;
				CLANG_WARN_SUSPICIOUS_MOVES = YES;
				CLANG_WARN_UNREACHABLE_CODE = YES;
				CLANG_WARN__DUPLICATE_METHOD_MATCH = YES;
				COPY_PHASE_STRIP = NO;
				DEBUG_INFORMATION_FORMAT = "dwarf-with-dsym";
				ENABLE_NS_ASSERTIONS = NO;
				ENABLE_STRICT_OBJC_MSGSEND = YES;
				GCC_C_LANGUAGE_STANDARD = gnu99;
				GCC_NO_COMMON_BLOCKS = YES;
				GCC_WARN_64_TO_32_BIT_CONVERSION = YES;
				GCC_WARN_ABOUT_RETURN_TYPE = YES_ERROR;
				GCC_WARN_UNDECLARED_SELECTOR = YES;
				GCC_WARN_UNINITIALIZED_AUTOS = YES_AGGRESSIVE;
				GCC_WARN_UNUSED_FUNCTION = YES;
				GCC_WARN_UNUSED_VARIABLE = YES;
				IPHONEOS_DEPLOYMENT_TARGET = 8.4;
				MTL_ENABLE_DEBUG_INFO = NO;
				SDKROOT = iphoneos;
				VALIDATE_PRODUCT = YES;
			};
			name = Release;
		};
		3EFC1B941DF26E190011E88B /* Debug */ = {
			isa = XCBuildConfiguration;
			buildSettings = {
				INFOPLIST_FILE = Crash/Info.plist;
				LD_RUNPATH_SEARCH_PATHS = "$(inherited) @executable_path/Frameworks";
				PRODUCT_BUNDLE_IDENTIFIER = com.plunien.Crash;
				PRODUCT_NAME = "$(TARGET_NAME)";
			};
			name = Debug;
		};
		3EFC1B951DF26E190011E88B /* Release */ = {
			isa = XCBuildConfiguration;
			buildSettings = {
				INFOPLIST_FILE = Crash/Info.plist;
				LD_RUNPATH_SEARCH_PATHS = "$(inherited) @executable_path/Frameworks";
				PRODUCT_BUNDLE_IDENTIFIER = com.plunien.Crash;
				PRODUCT_NAME = "$(TARGET_NAME)";
			};
			name = Release;
		};
		3EFC1B971DF26E190011E88B /* Debug */ = {
			isa = XCBuildConfiguration;
			buildSettings = {
				BUNDLE_LOADER = "$(TEST_HOST)";
				INFOPLIST_FILE = CrashTests/Info.plist;
				LD_RUNPATH_SEARCH_PATHS = "$(inherited) @executable_path/Frameworks @loader_path/Frameworks";
				PRODUCT_BUNDLE_IDENTIFIER = com.plunien.CrashTests;
				PRODUCT_NAME = "$(TARGET_NAME)";
				TEST_HOST = "$(BUILT_PRODUCTS_DIR)/Crash.app/Crash";
			};
			name = Debug;
		};
		3EFC1B981DF26E190011E88B /* Release */ = {
			isa = XCBuildConfiguration;
			buildSettings = {
				BUNDLE_LOADER = "$(TEST_HOST)";
				INFOPLIST_FILE = CrashTests/Info.plist;
				LD_RUNPATH_SEARCH_PATHS = "$(inherited) @executable_path/Frameworks @loader_path/Frameworks";
				PRODUCT_BUNDLE_IDENTIFIER = com.plunien.CrashTests;
				PRODUCT_NAME = "$(TARGET_NAME)";
				TEST_HOST = "$(BUILT_PRODUCTS_DIR)/Crash.app/Crash";
			};
			name = Release;
		};
/* End XCBuildConfiguration section */

/* Begin XCConfigurationList section */
		3EFC1B6C1DF26E190011E88B /* Build configuration list for PBXProject "Crash" */ = {
			isa = XCConfigurationList;
			buildConfigurations = (
				3EFC1B911DF26E190011E88B /* Debug */,
				3EFC1B921DF26E190011E88B /* Release */,
			);
			defaultConfigurationIsVisible = 0;
			defaultConfigurationName = Release;
		};
		3EFC1B931DF26E190011E88B /* Build configuration list for PBXNativeTarget "Crash" */ = {
			isa = XCConfigurationList;
			buildConfigurations = (
				3EFC1B941DF26E190011E88B /* Debug */,
				3EFC1B951DF26E190011E88B /* Release */,
			);
			defaultConfigurationIsVisible = 0;
			defaultConfigurationName = Release;
		};
		3EFC1B961DF26E190011E88B /* Build configuration list for PBXNativeTarget "CrashTests" */ = {
			isa = XCConfigurationList;
			buildConfigurations = (
				3EFC1B971DF26E190011E88B /* Debug */,
				3EFC1B981DF26E190011E88B /* Release */,
			);
			defaultConfigurationIsVisible = 0;
			defaultConfigurationName = Release;
		};
/* End XCConfigurationList section */
	};
	rootObject = 3EFC1B691DF26E190011E88B /* Project object */;
}
